// !$*UTF8*$!
{
	archiveVersion = 1;
	classes = {
	};
	objectVersion = 50;
	objects = {

/* Begin PBXBuildFile section */
		F216D77521C1C4B0003F54BB /* WalletView.xib in Resources */ = {isa = PBXBuildFile; fileRef = F216D77421C1C4B0003F54BB /* WalletView.xib */; };
		F2319B6721BBDDB4001AD8CF /* NekoGacha.swift in Sources */ = {isa = PBXBuildFile; fileRef = F2319B6621BBDDB4001AD8CF /* NekoGacha.swift */; };
		F2319B6921BBE394001AD8CF /* NekoGacha.storyboard in Resources */ = {isa = PBXBuildFile; fileRef = F2319B6821BBE394001AD8CF /* NekoGacha.storyboard */; };
		F2319B6B21BBEA34001AD8CF /* NekoGachaViewController.swift in Sources */ = {isa = PBXBuildFile; fileRef = F2319B6A21BBEA34001AD8CF /* NekoGachaViewController.swift */; };
		F2319B6D21BCC1BF001AD8CF /* NekoLibraryView.storyboard in Resources */ = {isa = PBXBuildFile; fileRef = F2319B6C21BCC1BF001AD8CF /* NekoLibraryView.storyboard */; };
		F2319B6F21BCC247001AD8CF /* NekoLibraryCell.xib in Resources */ = {isa = PBXBuildFile; fileRef = F2319B6E21BCC247001AD8CF /* NekoLibraryCell.xib */; };
		F2319B7121BCC344001AD8CF /* NekoLibraryCollectionViewController.swift in Sources */ = {isa = PBXBuildFile; fileRef = F2319B7021BCC344001AD8CF /* NekoLibraryCollectionViewController.swift */; };
		F2319B7321BCC37B001AD8CF /* UICollectionViewExtension.swift in Sources */ = {isa = PBXBuildFile; fileRef = F2319B7221BCC37B001AD8CF /* UICollectionViewExtension.swift */; };
		F2319B7521BCC443001AD8CF /* NekoLibraryCell.swift in Sources */ = {isa = PBXBuildFile; fileRef = F2319B7421BCC443001AD8CF /* NekoLibraryCell.swift */; };
		F2319B7721BF1F28001AD8CF /* NekoGachaPresenter.swift in Sources */ = {isa = PBXBuildFile; fileRef = F2319B7621BF1F28001AD8CF /* NekoGachaPresenter.swift */; };
		F2319B7921BF24C5001AD8CF /* NekoLibraryPresenter.swift in Sources */ = {isa = PBXBuildFile; fileRef = F2319B7821BF24C5001AD8CF /* NekoLibraryPresenter.swift */; };
		F254FB4521AB5F9E00A77302 /* BetPickerView.storyboard in Resources */ = {isa = PBXBuildFile; fileRef = F254FB4421AB5F9E00A77302 /* BetPickerView.storyboard */; };
		F254FB4721AB61F700A77302 /* BetPickerViewController.swift in Sources */ = {isa = PBXBuildFile; fileRef = F254FB4621AB61F700A77302 /* BetPickerViewController.swift */; };
		F254FB4D21B39FDC00A77302 /* TopView.storyboard in Resources */ = {isa = PBXBuildFile; fileRef = F254FB4C21B39FDC00A77302 /* TopView.storyboard */; };
		F254FB4F21B3AA9B00A77302 /* Setting.storyboard in Resources */ = {isa = PBXBuildFile; fileRef = F254FB4E21B3AA9B00A77302 /* Setting.storyboard */; };
		F254FB5121B3B23F00A77302 /* SettingViewController.swift in Sources */ = {isa = PBXBuildFile; fileRef = F254FB5021B3B23F00A77302 /* SettingViewController.swift */; };
		F254FB5C21B3BA3000A77302 /* CardDesignView.storyboard in Resources */ = {isa = PBXBuildFile; fileRef = F254FB5B21B3BA3000A77302 /* CardDesignView.storyboard */; };
		F254FB6021B3BE1A00A77302 /* CardDesignViewController.swift in Sources */ = {isa = PBXBuildFile; fileRef = F254FB5F21B3BE1A00A77302 /* CardDesignViewController.swift */; };
		F254FB6421B3EF9800A77302 /* CardDesignChoiceView.storyboard in Resources */ = {isa = PBXBuildFile; fileRef = F254FB6321B3EF9800A77302 /* CardDesignChoiceView.storyboard */; };
		F254FB6621B3EFC100A77302 /* CardDesignChoiceViewController.swift in Sources */ = {isa = PBXBuildFile; fileRef = F254FB6521B3EFC100A77302 /* CardDesignChoiceViewController.swift */; };
		F254FB7D21B5FA2300A77302 /* Model.framework in Frameworks */ = {isa = PBXBuildFile; fileRef = F254FB7421B5FA2200A77302 /* Model.framework */; };
		F254FB8421B5FA2300A77302 /* ModelTests.swift in Sources */ = {isa = PBXBuildFile; fileRef = F254FB8321B5FA2300A77302 /* ModelTests.swift */; };
		F254FB8621B5FA2300A77302 /* Model.h in Headers */ = {isa = PBXBuildFile; fileRef = F254FB7621B5FA2300A77302 /* Model.h */; settings = {ATTRIBUTES = (Public, ); }; };
		F254FB8921B5FA2300A77302 /* Model.framework in Frameworks */ = {isa = PBXBuildFile; fileRef = F254FB7421B5FA2200A77302 /* Model.framework */; };
		F254FB8A21B5FA2300A77302 /* Model.framework in Embed Frameworks */ = {isa = PBXBuildFile; fileRef = F254FB7421B5FA2200A77302 /* Model.framework */; settings = {ATTRIBUTES = (CodeSignOnCopy, RemoveHeadersOnCopy, ); }; };
		F254FB9921B5FB0F00A77302 /* RxSwift.framework in Frameworks */ = {isa = PBXBuildFile; fileRef = F2F940C121A61E9800387AA5 /* RxSwift.framework */; };
		F254FBA121B6025200A77302 /* Hand.swift in Sources */ = {isa = PBXBuildFile; fileRef = F2361974219F85F100C91A8C /* Hand.swift */; };
		F254FBA221B6025200A77302 /* PokerHand.swift in Sources */ = {isa = PBXBuildFile; fileRef = F2361976219FFCF700C91A8C /* PokerHand.swift */; };
		F254FBA421B6025200A77302 /* PokerHandDecisionHelper.swift in Sources */ = {isa = PBXBuildFile; fileRef = F236197A21A1578300C91A8C /* PokerHandDecisionHelper.swift */; };
		F254FBA521B6025200A77302 /* Table.swift in Sources */ = {isa = PBXBuildFile; fileRef = F236197821A1286500C91A8C /* Table.swift */; };
		F254FBA621B6025200A77302 /* Card.swift in Sources */ = {isa = PBXBuildFile; fileRef = F2D79B77219CEC8200962D26 /* Card.swift */; };
		F254FBA721B6025200A77302 /* Dealer.swift in Sources */ = {isa = PBXBuildFile; fileRef = F26A01F321A389CF008897A1 /* Dealer.swift */; };
		F254FBA821B6025200A77302 /* Wallet.swift in Sources */ = {isa = PBXBuildFile; fileRef = F254FB4A21B0B39C00A77302 /* Wallet.swift */; };
		F254FBA921B6026B00A77302 /* PokerByTDDTests.swift in Sources */ = {isa = PBXBuildFile; fileRef = F2D79B6B219CE57200962D26 /* PokerByTDDTests.swift */; };
		F254FC3C21B7370300A77302 /* Utility.framework in Frameworks */ = {isa = PBXBuildFile; fileRef = F254FC3321B7370200A77302 /* Utility.framework */; };
		F254FC4321B7370300A77302 /* UtilityTests.swift in Sources */ = {isa = PBXBuildFile; fileRef = F254FC4221B7370300A77302 /* UtilityTests.swift */; };
		F254FC4521B7370300A77302 /* Utility.h in Headers */ = {isa = PBXBuildFile; fileRef = F254FC3521B7370300A77302 /* Utility.h */; settings = {ATTRIBUTES = (Public, ); }; };
		F254FC4821B7370300A77302 /* Utility.framework in Frameworks */ = {isa = PBXBuildFile; fileRef = F254FC3321B7370200A77302 /* Utility.framework */; };
		F254FC4921B7370300A77302 /* Utility.framework in Embed Frameworks */ = {isa = PBXBuildFile; fileRef = F254FC3321B7370200A77302 /* Utility.framework */; settings = {ATTRIBUTES = (CodeSignOnCopy, RemoveHeadersOnCopy, ); }; };
		F254FC5021B7372300A77302 /* RealmExtension.swift in Sources */ = {isa = PBXBuildFile; fileRef = F254FB6721B401A400A77302 /* RealmExtension.swift */; };
		F254FC5121B7372700A77302 /* UIImageExtension.swift in Sources */ = {isa = PBXBuildFile; fileRef = F254FB6B21B5F0D300A77302 /* UIImageExtension.swift */; };
		F254FC5221B7372D00A77302 /* UITableViewExtension.swift in Sources */ = {isa = PBXBuildFile; fileRef = F254FB5921B3B58900A77302 /* UITableViewExtension.swift */; };
		F254FC5321B7373100A77302 /* UIViewControllerExtension.swift in Sources */ = {isa = PBXBuildFile; fileRef = F254FB5D21B3BC7900A77302 /* UIViewControllerExtension.swift */; };
		F254FC5421B7375A00A77302 /* RealmSwift.framework in Frameworks */ = {isa = PBXBuildFile; fileRef = F2F940BF21A61E9700387AA5 /* RealmSwift.framework */; };
		F254FC6421B739C700A77302 /* Presenter.framework in Frameworks */ = {isa = PBXBuildFile; fileRef = F254FC5B21B739C600A77302 /* Presenter.framework */; };
		F254FC6B21B739C700A77302 /* PresenterTests.swift in Sources */ = {isa = PBXBuildFile; fileRef = F254FC6A21B739C700A77302 /* PresenterTests.swift */; };
		F254FC6D21B739C700A77302 /* Presenter.h in Headers */ = {isa = PBXBuildFile; fileRef = F254FC5D21B739C700A77302 /* Presenter.h */; settings = {ATTRIBUTES = (Public, ); }; };
		F254FC7021B739C700A77302 /* Presenter.framework in Frameworks */ = {isa = PBXBuildFile; fileRef = F254FC5B21B739C600A77302 /* Presenter.framework */; };
		F254FC7121B739C700A77302 /* Presenter.framework in Embed Frameworks */ = {isa = PBXBuildFile; fileRef = F254FC5B21B739C600A77302 /* Presenter.framework */; settings = {ATTRIBUTES = (CodeSignOnCopy, RemoveHeadersOnCopy, ); }; };
		F254FC7821B739F000A77302 /* BetPickerPresenter.swift in Sources */ = {isa = PBXBuildFile; fileRef = F254FB4821AE09C200A77302 /* BetPickerPresenter.swift */; };
		F254FC7921B739F000A77302 /* CardDesignChoicePresenter.swift in Sources */ = {isa = PBXBuildFile; fileRef = F254FB6D21B5F70400A77302 /* CardDesignChoicePresenter.swift */; };
		F254FC7A21B739F000A77302 /* CardDesignPresenter.swift in Sources */ = {isa = PBXBuildFile; fileRef = F254FB6121B3E3E800A77302 /* CardDesignPresenter.swift */; };
		F254FC7B21B739F000A77302 /* PokerViewPresenter.swift in Sources */ = {isa = PBXBuildFile; fileRef = F2F940C921A6207A00387AA5 /* PokerViewPresenter.swift */; };
		F254FC7C21B739F000A77302 /* SettingPresenter.swift in Sources */ = {isa = PBXBuildFile; fileRef = F254FB5221B3B2D800A77302 /* SettingPresenter.swift */; };
		F254FC7D21B73A7D00A77302 /* RealmSwift.framework in Frameworks */ = {isa = PBXBuildFile; fileRef = F2F940BF21A61E9700387AA5 /* RealmSwift.framework */; };
		F254FC7E21B73A7D00A77302 /* RxCocoa.framework in Frameworks */ = {isa = PBXBuildFile; fileRef = F2F940C021A61E9800387AA5 /* RxCocoa.framework */; };
		F254FC7F21B73A7D00A77302 /* RxSwift.framework in Frameworks */ = {isa = PBXBuildFile; fileRef = F2F940C121A61E9800387AA5 /* RxSwift.framework */; };
		F254FC8021B73A9000A77302 /* Utility.framework in Frameworks */ = {isa = PBXBuildFile; fileRef = F254FC3321B7370200A77302 /* Utility.framework */; };
		F254FC8121B73A9B00A77302 /* Model.framework in Frameworks */ = {isa = PBXBuildFile; fileRef = F254FB7421B5FA2200A77302 /* Model.framework */; };
		F254FC9121B73D5800A77302 /* Design.framework in Frameworks */ = {isa = PBXBuildFile; fileRef = F254FC8821B73D5800A77302 /* Design.framework */; };
		F254FC9821B73D5800A77302 /* DesignTests.swift in Sources */ = {isa = PBXBuildFile; fileRef = F254FC9721B73D5800A77302 /* DesignTests.swift */; };
		F254FC9A21B73D5800A77302 /* Design.h in Headers */ = {isa = PBXBuildFile; fileRef = F254FC8A21B73D5800A77302 /* Design.h */; settings = {ATTRIBUTES = (Public, ); }; };
		F254FC9D21B73D5800A77302 /* Design.framework in Frameworks */ = {isa = PBXBuildFile; fileRef = F254FC8821B73D5800A77302 /* Design.framework */; };
		F254FC9E21B73D5800A77302 /* Design.framework in Embed Frameworks */ = {isa = PBXBuildFile; fileRef = F254FC8821B73D5800A77302 /* Design.framework */; settings = {ATTRIBUTES = (CodeSignOnCopy, RemoveHeadersOnCopy, ); }; };
		F254FCA521B73DA200A77302 /* CardView.swift in Sources */ = {isa = PBXBuildFile; fileRef = F26A01F921A43DFC008897A1 /* CardView.swift */; };
		F254FCA621B73DA200A77302 /* CardView.xib in Resources */ = {isa = PBXBuildFile; fileRef = F26A01F721A43DBD008897A1 /* CardView.xib */; };
		F254FCA721B73DA200A77302 /* SettingItemCell.swift in Sources */ = {isa = PBXBuildFile; fileRef = F254FB5621B3B4E300A77302 /* SettingItemCell.swift */; };
		F254FCA821B73DA200A77302 /* SettingItemCell.xib in Resources */ = {isa = PBXBuildFile; fileRef = F254FB5421B3B46400A77302 /* SettingItemCell.xib */; };
		F254FCA921B73DFC00A77302 /* Model.framework in Frameworks */ = {isa = PBXBuildFile; fileRef = F254FB7421B5FA2200A77302 /* Model.framework */; };
		F254FCAC21B7FC6800A77302 /* Assets.xcassets in Sources */ = {isa = PBXBuildFile; fileRef = F2D79B5D219CE57200962D26 /* Assets.xcassets */; };
		F254FCB421B9F05C00A77302 /* CardImageHelper.swift in Sources */ = {isa = PBXBuildFile; fileRef = F254FCB321B9F05C00A77302 /* CardImageHelper.swift */; };
		F2D0127121C07D0100AB5D2A /* NekoDetailView.storyboard in Resources */ = {isa = PBXBuildFile; fileRef = F2D0127021C07D0100AB5D2A /* NekoDetailView.storyboard */; };
		F2D0127321C07FE900AB5D2A /* NekoDetailViewController.swift in Sources */ = {isa = PBXBuildFile; fileRef = F2D0127221C07FE900AB5D2A /* NekoDetailViewController.swift */; };
		F2D79B57219CE57000962D26 /* AppDelegate.swift in Sources */ = {isa = PBXBuildFile; fileRef = F2D79B56219CE57000962D26 /* AppDelegate.swift */; };
		F2D79B59219CE57000962D26 /* PokerViewController.swift in Sources */ = {isa = PBXBuildFile; fileRef = F2D79B58219CE57000962D26 /* PokerViewController.swift */; };
		F2D79B5C219CE57000962D26 /* Poker.storyboard in Resources */ = {isa = PBXBuildFile; fileRef = F2D79B5A219CE57000962D26 /* Poker.storyboard */; };
		F2D79B5E219CE57200962D26 /* Assets.xcassets in Resources */ = {isa = PBXBuildFile; fileRef = F2D79B5D219CE57200962D26 /* Assets.xcassets */; };
		F2D79B61219CE57200962D26 /* LaunchScreen.storyboard in Resources */ = {isa = PBXBuildFile; fileRef = F2D79B5F219CE57200962D26 /* LaunchScreen.storyboard */; };
		F2F940CB21A62BC500387AA5 /* Realm.framework in Frameworks */ = {isa = PBXBuildFile; fileRef = F2F940C221A61E9800387AA5 /* Realm.framework */; };
		F2F940CC21A62BC500387AA5 /* RealmSwift.framework in Frameworks */ = {isa = PBXBuildFile; fileRef = F2F940BF21A61E9700387AA5 /* RealmSwift.framework */; };
		F2F940CD21A62BC500387AA5 /* RxCocoa.framework in Frameworks */ = {isa = PBXBuildFile; fileRef = F2F940C021A61E9800387AA5 /* RxCocoa.framework */; };
		F2F940CE21A62BC500387AA5 /* RxSwift.framework in Frameworks */ = {isa = PBXBuildFile; fileRef = F2F940C121A61E9800387AA5 /* RxSwift.framework */; };
/* End PBXBuildFile section */

/* Begin PBXContainerItemProxy section */
		F254FB7E21B5FA2300A77302 /* PBXContainerItemProxy */ = {
			isa = PBXContainerItemProxy;
			containerPortal = F2D79B4B219CE57000962D26 /* Project object */;
			proxyType = 1;
			remoteGlobalIDString = F254FB7321B5FA2200A77302;
			remoteInfo = Model;
		};
		F254FB8021B5FA2300A77302 /* PBXContainerItemProxy */ = {
			isa = PBXContainerItemProxy;
			containerPortal = F2D79B4B219CE57000962D26 /* Project object */;
			proxyType = 1;
			remoteGlobalIDString = F2D79B52219CE57000962D26;
			remoteInfo = PokerByTDD;
		};
		F254FB8721B5FA2300A77302 /* PBXContainerItemProxy */ = {
			isa = PBXContainerItemProxy;
			containerPortal = F2D79B4B219CE57000962D26 /* Project object */;
			proxyType = 1;
			remoteGlobalIDString = F254FB7321B5FA2200A77302;
			remoteInfo = Model;
		};
		F254FC3D21B7370300A77302 /* PBXContainerItemProxy */ = {
			isa = PBXContainerItemProxy;
			containerPortal = F2D79B4B219CE57000962D26 /* Project object */;
			proxyType = 1;
			remoteGlobalIDString = F254FC3221B7370200A77302;
			remoteInfo = Utility;
		};
		F254FC3F21B7370300A77302 /* PBXContainerItemProxy */ = {
			isa = PBXContainerItemProxy;
			containerPortal = F2D79B4B219CE57000962D26 /* Project object */;
			proxyType = 1;
			remoteGlobalIDString = F2D79B52219CE57000962D26;
			remoteInfo = PokerByTDD;
		};
		F254FC4621B7370300A77302 /* PBXContainerItemProxy */ = {
			isa = PBXContainerItemProxy;
			containerPortal = F2D79B4B219CE57000962D26 /* Project object */;
			proxyType = 1;
			remoteGlobalIDString = F254FC3221B7370200A77302;
			remoteInfo = Utility;
		};
		F254FC6521B739C700A77302 /* PBXContainerItemProxy */ = {
			isa = PBXContainerItemProxy;
			containerPortal = F2D79B4B219CE57000962D26 /* Project object */;
			proxyType = 1;
			remoteGlobalIDString = F254FC5A21B739C600A77302;
			remoteInfo = Presenter;
		};
		F254FC6721B739C700A77302 /* PBXContainerItemProxy */ = {
			isa = PBXContainerItemProxy;
			containerPortal = F2D79B4B219CE57000962D26 /* Project object */;
			proxyType = 1;
			remoteGlobalIDString = F2D79B52219CE57000962D26;
			remoteInfo = PokerByTDD;
		};
		F254FC6E21B739C700A77302 /* PBXContainerItemProxy */ = {
			isa = PBXContainerItemProxy;
			containerPortal = F2D79B4B219CE57000962D26 /* Project object */;
			proxyType = 1;
			remoteGlobalIDString = F254FC5A21B739C600A77302;
			remoteInfo = Presenter;
		};
		F254FC9221B73D5800A77302 /* PBXContainerItemProxy */ = {
			isa = PBXContainerItemProxy;
			containerPortal = F2D79B4B219CE57000962D26 /* Project object */;
			proxyType = 1;
			remoteGlobalIDString = F254FC8721B73D5800A77302;
			remoteInfo = Design;
		};
		F254FC9421B73D5800A77302 /* PBXContainerItemProxy */ = {
			isa = PBXContainerItemProxy;
			containerPortal = F2D79B4B219CE57000962D26 /* Project object */;
			proxyType = 1;
			remoteGlobalIDString = F2D79B52219CE57000962D26;
			remoteInfo = PokerByTDD;
		};
		F254FC9B21B73D5800A77302 /* PBXContainerItemProxy */ = {
			isa = PBXContainerItemProxy;
			containerPortal = F2D79B4B219CE57000962D26 /* Project object */;
			proxyType = 1;
			remoteGlobalIDString = F254FC8721B73D5800A77302;
			remoteInfo = Design;
		};
		F2D79B68219CE57200962D26 /* PBXContainerItemProxy */ = {
			isa = PBXContainerItemProxy;
			containerPortal = F2D79B4B219CE57000962D26 /* Project object */;
			proxyType = 1;
			remoteGlobalIDString = F2D79B52219CE57000962D26;
			remoteInfo = PokerByTDD;
		};
/* End PBXContainerItemProxy section */

/* Begin PBXCopyFilesBuildPhase section */
		F254FB8E21B5FA2400A77302 /* Embed Frameworks */ = {
			isa = PBXCopyFilesBuildPhase;
			buildActionMask = 2147483647;
			dstPath = "";
			dstSubfolderSpec = 10;
			files = (
				F254FC9E21B73D5800A77302 /* Design.framework in Embed Frameworks */,
				F254FB8A21B5FA2300A77302 /* Model.framework in Embed Frameworks */,
				F254FC7121B739C700A77302 /* Presenter.framework in Embed Frameworks */,
				F254FC4921B7370300A77302 /* Utility.framework in Embed Frameworks */,
			);
			name = "Embed Frameworks";
			runOnlyForDeploymentPostprocessing = 0;
		};
/* End PBXCopyFilesBuildPhase section */

/* Begin PBXFileReference section */
		F216D77421C1C4B0003F54BB /* WalletView.xib */ = {isa = PBXFileReference; lastKnownFileType = file.xib; path = WalletView.xib; sourceTree = "<group>"; };
		F2319B6621BBDDB4001AD8CF /* NekoGacha.swift */ = {isa = PBXFileReference; lastKnownFileType = sourcecode.swift; path = NekoGacha.swift; sourceTree = "<group>"; };
		F2319B6821BBE394001AD8CF /* NekoGacha.storyboard */ = {isa = PBXFileReference; lastKnownFileType = file.storyboard; path = NekoGacha.storyboard; sourceTree = "<group>"; };
		F2319B6A21BBEA34001AD8CF /* NekoGachaViewController.swift */ = {isa = PBXFileReference; lastKnownFileType = sourcecode.swift; path = NekoGachaViewController.swift; sourceTree = "<group>"; };
		F2319B6C21BCC1BF001AD8CF /* NekoLibraryView.storyboard */ = {isa = PBXFileReference; lastKnownFileType = file.storyboard; path = NekoLibraryView.storyboard; sourceTree = "<group>"; };
		F2319B6E21BCC247001AD8CF /* NekoLibraryCell.xib */ = {isa = PBXFileReference; lastKnownFileType = file.xib; path = NekoLibraryCell.xib; sourceTree = "<group>"; };
		F2319B7021BCC344001AD8CF /* NekoLibraryCollectionViewController.swift */ = {isa = PBXFileReference; lastKnownFileType = sourcecode.swift; path = NekoLibraryCollectionViewController.swift; sourceTree = "<group>"; };
		F2319B7221BCC37B001AD8CF /* UICollectionViewExtension.swift */ = {isa = PBXFileReference; lastKnownFileType = sourcecode.swift; path = UICollectionViewExtension.swift; sourceTree = "<group>"; };
		F2319B7421BCC443001AD8CF /* NekoLibraryCell.swift */ = {isa = PBXFileReference; lastKnownFileType = sourcecode.swift; path = NekoLibraryCell.swift; sourceTree = "<group>"; };
		F2319B7621BF1F28001AD8CF /* NekoGachaPresenter.swift */ = {isa = PBXFileReference; lastKnownFileType = sourcecode.swift; path = NekoGachaPresenter.swift; sourceTree = "<group>"; };
		F2319B7821BF24C5001AD8CF /* NekoLibraryPresenter.swift */ = {isa = PBXFileReference; lastKnownFileType = sourcecode.swift; path = NekoLibraryPresenter.swift; sourceTree = "<group>"; };
		F2361974219F85F100C91A8C /* Hand.swift */ = {isa = PBXFileReference; lastKnownFileType = sourcecode.swift; path = Hand.swift; sourceTree = "<group>"; };
		F2361976219FFCF700C91A8C /* PokerHand.swift */ = {isa = PBXFileReference; lastKnownFileType = sourcecode.swift; path = PokerHand.swift; sourceTree = "<group>"; };
		F236197821A1286500C91A8C /* Table.swift */ = {isa = PBXFileReference; lastKnownFileType = sourcecode.swift; path = Table.swift; sourceTree = "<group>"; };
		F236197A21A1578300C91A8C /* PokerHandDecisionHelper.swift */ = {isa = PBXFileReference; lastKnownFileType = sourcecode.swift; path = PokerHandDecisionHelper.swift; sourceTree = "<group>"; };
		F254FB4421AB5F9E00A77302 /* BetPickerView.storyboard */ = {isa = PBXFileReference; lastKnownFileType = file.storyboard; path = BetPickerView.storyboard; sourceTree = "<group>"; };
		F254FB4621AB61F700A77302 /* BetPickerViewController.swift */ = {isa = PBXFileReference; lastKnownFileType = sourcecode.swift; path = BetPickerViewController.swift; sourceTree = "<group>"; };
		F254FB4821AE09C200A77302 /* BetPickerPresenter.swift */ = {isa = PBXFileReference; lastKnownFileType = sourcecode.swift; path = BetPickerPresenter.swift; sourceTree = "<group>"; };
		F254FB4A21B0B39C00A77302 /* Wallet.swift */ = {isa = PBXFileReference; lastKnownFileType = sourcecode.swift; path = Wallet.swift; sourceTree = "<group>"; };
		F254FB4C21B39FDC00A77302 /* TopView.storyboard */ = {isa = PBXFileReference; lastKnownFileType = file.storyboard; path = TopView.storyboard; sourceTree = "<group>"; };
		F254FB4E21B3AA9B00A77302 /* Setting.storyboard */ = {isa = PBXFileReference; lastKnownFileType = file.storyboard; path = Setting.storyboard; sourceTree = "<group>"; };
		F254FB5021B3B23F00A77302 /* SettingViewController.swift */ = {isa = PBXFileReference; lastKnownFileType = sourcecode.swift; path = SettingViewController.swift; sourceTree = "<group>"; };
		F254FB5221B3B2D800A77302 /* SettingPresenter.swift */ = {isa = PBXFileReference; lastKnownFileType = sourcecode.swift; path = SettingPresenter.swift; sourceTree = "<group>"; };
		F254FB5421B3B46400A77302 /* SettingItemCell.xib */ = {isa = PBXFileReference; lastKnownFileType = file.xib; path = SettingItemCell.xib; sourceTree = "<group>"; };
		F254FB5621B3B4E300A77302 /* SettingItemCell.swift */ = {isa = PBXFileReference; lastKnownFileType = sourcecode.swift; path = SettingItemCell.swift; sourceTree = "<group>"; };
		F254FB5921B3B58900A77302 /* UITableViewExtension.swift */ = {isa = PBXFileReference; lastKnownFileType = sourcecode.swift; path = UITableViewExtension.swift; sourceTree = "<group>"; };
		F254FB5B21B3BA3000A77302 /* CardDesignView.storyboard */ = {isa = PBXFileReference; lastKnownFileType = file.storyboard; path = CardDesignView.storyboard; sourceTree = "<group>"; };
		F254FB5D21B3BC7900A77302 /* UIViewControllerExtension.swift */ = {isa = PBXFileReference; lastKnownFileType = sourcecode.swift; path = UIViewControllerExtension.swift; sourceTree = "<group>"; };
		F254FB5F21B3BE1A00A77302 /* CardDesignViewController.swift */ = {isa = PBXFileReference; lastKnownFileType = sourcecode.swift; path = CardDesignViewController.swift; sourceTree = "<group>"; };
		F254FB6121B3E3E800A77302 /* CardDesignPresenter.swift */ = {isa = PBXFileReference; lastKnownFileType = sourcecode.swift; path = CardDesignPresenter.swift; sourceTree = "<group>"; };
		F254FB6321B3EF9800A77302 /* CardDesignChoiceView.storyboard */ = {isa = PBXFileReference; lastKnownFileType = file.storyboard; path = CardDesignChoiceView.storyboard; sourceTree = "<group>"; };
		F254FB6521B3EFC100A77302 /* CardDesignChoiceViewController.swift */ = {isa = PBXFileReference; lastKnownFileType = sourcecode.swift; path = CardDesignChoiceViewController.swift; sourceTree = "<group>"; };
		F254FB6721B401A400A77302 /* RealmExtension.swift */ = {isa = PBXFileReference; lastKnownFileType = sourcecode.swift; path = RealmExtension.swift; sourceTree = "<group>"; };
		F254FB6B21B5F0D300A77302 /* UIImageExtension.swift */ = {isa = PBXFileReference; lastKnownFileType = sourcecode.swift; path = UIImageExtension.swift; sourceTree = "<group>"; };
		F254FB6D21B5F70400A77302 /* CardDesignChoicePresenter.swift */ = {isa = PBXFileReference; lastKnownFileType = sourcecode.swift; path = CardDesignChoicePresenter.swift; sourceTree = "<group>"; };
		F254FB7421B5FA2200A77302 /* Model.framework */ = {isa = PBXFileReference; explicitFileType = wrapper.framework; includeInIndex = 0; path = Model.framework; sourceTree = BUILT_PRODUCTS_DIR; };
		F254FB7621B5FA2300A77302 /* Model.h */ = {isa = PBXFileReference; lastKnownFileType = sourcecode.c.h; path = Model.h; sourceTree = "<group>"; };
		F254FB7721B5FA2300A77302 /* Info.plist */ = {isa = PBXFileReference; lastKnownFileType = text.plist.xml; path = Info.plist; sourceTree = "<group>"; };
		F254FB7C21B5FA2300A77302 /* ModelTests.xctest */ = {isa = PBXFileReference; explicitFileType = wrapper.cfbundle; includeInIndex = 0; path = ModelTests.xctest; sourceTree = BUILT_PRODUCTS_DIR; };
		F254FB8321B5FA2300A77302 /* ModelTests.swift */ = {isa = PBXFileReference; lastKnownFileType = sourcecode.swift; path = ModelTests.swift; sourceTree = "<group>"; };
		F254FB8521B5FA2300A77302 /* Info.plist */ = {isa = PBXFileReference; lastKnownFileType = text.plist.xml; path = Info.plist; sourceTree = "<group>"; };
		F254FC3321B7370200A77302 /* Utility.framework */ = {isa = PBXFileReference; explicitFileType = wrapper.framework; includeInIndex = 0; path = Utility.framework; sourceTree = BUILT_PRODUCTS_DIR; };
		F254FC3521B7370300A77302 /* Utility.h */ = {isa = PBXFileReference; lastKnownFileType = sourcecode.c.h; path = Utility.h; sourceTree = "<group>"; };
		F254FC3621B7370300A77302 /* Info.plist */ = {isa = PBXFileReference; lastKnownFileType = text.plist.xml; path = Info.plist; sourceTree = "<group>"; };
		F254FC3B21B7370300A77302 /* UtilityTests.xctest */ = {isa = PBXFileReference; explicitFileType = wrapper.cfbundle; includeInIndex = 0; path = UtilityTests.xctest; sourceTree = BUILT_PRODUCTS_DIR; };
		F254FC4221B7370300A77302 /* UtilityTests.swift */ = {isa = PBXFileReference; lastKnownFileType = sourcecode.swift; path = UtilityTests.swift; sourceTree = "<group>"; };
		F254FC4421B7370300A77302 /* Info.plist */ = {isa = PBXFileReference; lastKnownFileType = text.plist.xml; path = Info.plist; sourceTree = "<group>"; };
		F254FC5B21B739C600A77302 /* Presenter.framework */ = {isa = PBXFileReference; explicitFileType = wrapper.framework; includeInIndex = 0; path = Presenter.framework; sourceTree = BUILT_PRODUCTS_DIR; };
		F254FC5D21B739C700A77302 /* Presenter.h */ = {isa = PBXFileReference; lastKnownFileType = sourcecode.c.h; path = Presenter.h; sourceTree = "<group>"; };
		F254FC5E21B739C700A77302 /* Info.plist */ = {isa = PBXFileReference; lastKnownFileType = text.plist.xml; path = Info.plist; sourceTree = "<group>"; };
		F254FC6321B739C700A77302 /* PresenterTests.xctest */ = {isa = PBXFileReference; explicitFileType = wrapper.cfbundle; includeInIndex = 0; path = PresenterTests.xctest; sourceTree = BUILT_PRODUCTS_DIR; };
		F254FC6A21B739C700A77302 /* PresenterTests.swift */ = {isa = PBXFileReference; lastKnownFileType = sourcecode.swift; path = PresenterTests.swift; sourceTree = "<group>"; };
		F254FC6C21B739C700A77302 /* Info.plist */ = {isa = PBXFileReference; lastKnownFileType = text.plist.xml; path = Info.plist; sourceTree = "<group>"; };
		F254FC8821B73D5800A77302 /* Design.framework */ = {isa = PBXFileReference; explicitFileType = wrapper.framework; includeInIndex = 0; path = Design.framework; sourceTree = BUILT_PRODUCTS_DIR; };
		F254FC8A21B73D5800A77302 /* Design.h */ = {isa = PBXFileReference; lastKnownFileType = sourcecode.c.h; path = Design.h; sourceTree = "<group>"; };
		F254FC8B21B73D5800A77302 /* Info.plist */ = {isa = PBXFileReference; lastKnownFileType = text.plist.xml; path = Info.plist; sourceTree = "<group>"; };
		F254FC9021B73D5800A77302 /* DesignTests.xctest */ = {isa = PBXFileReference; explicitFileType = wrapper.cfbundle; includeInIndex = 0; path = DesignTests.xctest; sourceTree = BUILT_PRODUCTS_DIR; };
		F254FC9721B73D5800A77302 /* DesignTests.swift */ = {isa = PBXFileReference; lastKnownFileType = sourcecode.swift; path = DesignTests.swift; sourceTree = "<group>"; };
		F254FC9921B73D5800A77302 /* Info.plist */ = {isa = PBXFileReference; lastKnownFileType = text.plist.xml; path = Info.plist; sourceTree = "<group>"; };
		F254FCB321B9F05C00A77302 /* CardImageHelper.swift */ = {isa = PBXFileReference; lastKnownFileType = sourcecode.swift; path = CardImageHelper.swift; sourceTree = "<group>"; };
		F26A01F321A389CF008897A1 /* Dealer.swift */ = {isa = PBXFileReference; lastKnownFileType = sourcecode.swift; path = Dealer.swift; sourceTree = "<group>"; };
		F26A01F721A43DBD008897A1 /* CardView.xib */ = {isa = PBXFileReference; lastKnownFileType = file.xib; path = CardView.xib; sourceTree = "<group>"; };
		F26A01F921A43DFC008897A1 /* CardView.swift */ = {isa = PBXFileReference; lastKnownFileType = sourcecode.swift; path = CardView.swift; sourceTree = "<group>"; };
		F2D0127021C07D0100AB5D2A /* NekoDetailView.storyboard */ = {isa = PBXFileReference; lastKnownFileType = file.storyboard; path = NekoDetailView.storyboard; sourceTree = "<group>"; };
		F2D0127221C07FE900AB5D2A /* NekoDetailViewController.swift */ = {isa = PBXFileReference; lastKnownFileType = sourcecode.swift; path = NekoDetailViewController.swift; sourceTree = "<group>"; };
		F2D79B53219CE57000962D26 /* PokerByTDD.app */ = {isa = PBXFileReference; explicitFileType = wrapper.application; includeInIndex = 0; path = PokerByTDD.app; sourceTree = BUILT_PRODUCTS_DIR; };
		F2D79B56219CE57000962D26 /* AppDelegate.swift */ = {isa = PBXFileReference; lastKnownFileType = sourcecode.swift; path = AppDelegate.swift; sourceTree = "<group>"; };
		F2D79B58219CE57000962D26 /* PokerViewController.swift */ = {isa = PBXFileReference; lastKnownFileType = sourcecode.swift; path = PokerViewController.swift; sourceTree = "<group>"; };
		F2D79B5B219CE57000962D26 /* Base */ = {isa = PBXFileReference; lastKnownFileType = file.storyboard; name = Base; path = Base.lproj/Poker.storyboard; sourceTree = "<group>"; };
		F2D79B5D219CE57200962D26 /* Assets.xcassets */ = {isa = PBXFileReference; lastKnownFileType = folder.assetcatalog; path = Assets.xcassets; sourceTree = "<group>"; };
		F2D79B60219CE57200962D26 /* Base */ = {isa = PBXFileReference; lastKnownFileType = file.storyboard; name = Base; path = Base.lproj/LaunchScreen.storyboard; sourceTree = "<group>"; };
		F2D79B62219CE57200962D26 /* Info.plist */ = {isa = PBXFileReference; lastKnownFileType = text.plist.xml; path = Info.plist; sourceTree = "<group>"; };
		F2D79B67219CE57200962D26 /* PokerByTDDTests.xctest */ = {isa = PBXFileReference; explicitFileType = wrapper.cfbundle; includeInIndex = 0; path = PokerByTDDTests.xctest; sourceTree = BUILT_PRODUCTS_DIR; };
		F2D79B6B219CE57200962D26 /* PokerByTDDTests.swift */ = {isa = PBXFileReference; lastKnownFileType = sourcecode.swift; path = PokerByTDDTests.swift; sourceTree = "<group>"; };
		F2D79B6D219CE57200962D26 /* Info.plist */ = {isa = PBXFileReference; lastKnownFileType = text.plist.xml; path = Info.plist; sourceTree = "<group>"; };
		F2D79B77219CEC8200962D26 /* Card.swift */ = {isa = PBXFileReference; lastKnownFileType = sourcecode.swift; path = Card.swift; sourceTree = "<group>"; };
		F2F940BF21A61E9700387AA5 /* RealmSwift.framework */ = {isa = PBXFileReference; lastKnownFileType = wrapper.framework; name = RealmSwift.framework; path = Carthage/Build/iOS/RealmSwift.framework; sourceTree = "<group>"; };
		F2F940C021A61E9800387AA5 /* RxCocoa.framework */ = {isa = PBXFileReference; lastKnownFileType = wrapper.framework; name = RxCocoa.framework; path = Carthage/Build/iOS/RxCocoa.framework; sourceTree = "<group>"; };
		F2F940C121A61E9800387AA5 /* RxSwift.framework */ = {isa = PBXFileReference; lastKnownFileType = wrapper.framework; name = RxSwift.framework; path = Carthage/Build/iOS/RxSwift.framework; sourceTree = "<group>"; };
		F2F940C221A61E9800387AA5 /* Realm.framework */ = {isa = PBXFileReference; lastKnownFileType = wrapper.framework; name = Realm.framework; path = Carthage/Build/iOS/Realm.framework; sourceTree = "<group>"; };
		F2F940C921A6207A00387AA5 /* PokerViewPresenter.swift */ = {isa = PBXFileReference; lastKnownFileType = sourcecode.swift; path = PokerViewPresenter.swift; sourceTree = "<group>"; };
/* End PBXFileReference section */

/* Begin PBXFrameworksBuildPhase section */
		F254FB7121B5FA2200A77302 /* Frameworks */ = {
			isa = PBXFrameworksBuildPhase;
			buildActionMask = 2147483647;
			files = (
				F254FB9921B5FB0F00A77302 /* RxSwift.framework in Frameworks */,
			);
			runOnlyForDeploymentPostprocessing = 0;
		};
		F254FB7921B5FA2300A77302 /* Frameworks */ = {
			isa = PBXFrameworksBuildPhase;
			buildActionMask = 2147483647;
			files = (
				F254FB7D21B5FA2300A77302 /* Model.framework in Frameworks */,
			);
			runOnlyForDeploymentPostprocessing = 0;
		};
		F254FC3021B7370200A77302 /* Frameworks */ = {
			isa = PBXFrameworksBuildPhase;
			buildActionMask = 2147483647;
			files = (
				F254FC5421B7375A00A77302 /* RealmSwift.framework in Frameworks */,
			);
			runOnlyForDeploymentPostprocessing = 0;
		};
		F254FC3821B7370300A77302 /* Frameworks */ = {
			isa = PBXFrameworksBuildPhase;
			buildActionMask = 2147483647;
			files = (
				F254FC3C21B7370300A77302 /* Utility.framework in Frameworks */,
			);
			runOnlyForDeploymentPostprocessing = 0;
		};
		F254FC5821B739C600A77302 /* Frameworks */ = {
			isa = PBXFrameworksBuildPhase;
			buildActionMask = 2147483647;
			files = (
				F254FC8121B73A9B00A77302 /* Model.framework in Frameworks */,
				F254FC7D21B73A7D00A77302 /* RealmSwift.framework in Frameworks */,
				F254FC7E21B73A7D00A77302 /* RxCocoa.framework in Frameworks */,
				F254FC7F21B73A7D00A77302 /* RxSwift.framework in Frameworks */,
				F254FC8021B73A9000A77302 /* Utility.framework in Frameworks */,
			);
			runOnlyForDeploymentPostprocessing = 0;
		};
		F254FC6021B739C700A77302 /* Frameworks */ = {
			isa = PBXFrameworksBuildPhase;
			buildActionMask = 2147483647;
			files = (
				F254FC6421B739C700A77302 /* Presenter.framework in Frameworks */,
			);
			runOnlyForDeploymentPostprocessing = 0;
		};
		F254FC8521B73D5800A77302 /* Frameworks */ = {
			isa = PBXFrameworksBuildPhase;
			buildActionMask = 2147483647;
			files = (
				F254FCA921B73DFC00A77302 /* Model.framework in Frameworks */,
			);
			runOnlyForDeploymentPostprocessing = 0;
		};
		F254FC8D21B73D5800A77302 /* Frameworks */ = {
			isa = PBXFrameworksBuildPhase;
			buildActionMask = 2147483647;
			files = (
				F254FC9121B73D5800A77302 /* Design.framework in Frameworks */,
			);
			runOnlyForDeploymentPostprocessing = 0;
		};
		F2D79B50219CE57000962D26 /* Frameworks */ = {
			isa = PBXFrameworksBuildPhase;
			buildActionMask = 2147483647;
			files = (
				F254FC9D21B73D5800A77302 /* Design.framework in Frameworks */,
				F254FB8921B5FA2300A77302 /* Model.framework in Frameworks */,
				F254FC7021B739C700A77302 /* Presenter.framework in Frameworks */,
				F2F940CB21A62BC500387AA5 /* Realm.framework in Frameworks */,
				F2F940CC21A62BC500387AA5 /* RealmSwift.framework in Frameworks */,
				F2F940CD21A62BC500387AA5 /* RxCocoa.framework in Frameworks */,
				F2F940CE21A62BC500387AA5 /* RxSwift.framework in Frameworks */,
				F254FC4821B7370300A77302 /* Utility.framework in Frameworks */,
			);
			runOnlyForDeploymentPostprocessing = 0;
		};
		F2D79B64219CE57200962D26 /* Frameworks */ = {
			isa = PBXFrameworksBuildPhase;
			buildActionMask = 2147483647;
			files = (
			);
			runOnlyForDeploymentPostprocessing = 0;
		};
/* End PBXFrameworksBuildPhase section */

/* Begin PBXGroup section */
		F254FB7521B5FA2300A77302 /* Model */ = {
			isa = PBXGroup;
			children = (
				F254FB7721B5FA2300A77302 /* Info.plist */,
				F254FB7621B5FA2300A77302 /* Model.h */,
				F254FBAA21B603C800A77302 /* source */,
			);
			path = Model;
			sourceTree = "<group>";
		};
		F254FB8221B5FA2300A77302 /* ModelTests */ = {
			isa = PBXGroup;
			children = (
				F254FB8521B5FA2300A77302 /* Info.plist */,
				F254FB8321B5FA2300A77302 /* ModelTests.swift */,
			);
			path = ModelTests;
			sourceTree = "<group>";
		};
		F254FBAA21B603C800A77302 /* source */ = {
			isa = PBXGroup;
			children = (
				F2D79B77219CEC8200962D26 /* Card.swift */,
				F26A01F321A389CF008897A1 /* Dealer.swift */,
				F2361974219F85F100C91A8C /* Hand.swift */,
				F2319B6621BBDDB4001AD8CF /* NekoGacha.swift */,
				F2361976219FFCF700C91A8C /* PokerHand.swift */,
				F236197A21A1578300C91A8C /* PokerHandDecisionHelper.swift */,
				F236197821A1286500C91A8C /* Table.swift */,
				F254FB4A21B0B39C00A77302 /* Wallet.swift */,
			);
			path = source;
			sourceTree = "<group>";
		};
		F254FC3421B7370300A77302 /* Utility */ = {
			isa = PBXGroup;
			children = (
				F254FC3621B7370300A77302 /* Info.plist */,
				F254FC5521B738D600A77302 /* source */,
				F254FC3521B7370300A77302 /* Utility.h */,
			);
			path = Utility;
			sourceTree = "<group>";
		};
		F254FC4121B7370300A77302 /* UtilityTests */ = {
			isa = PBXGroup;
			children = (
				F254FC4421B7370300A77302 /* Info.plist */,
				F254FC4221B7370300A77302 /* UtilityTests.swift */,
			);
			path = UtilityTests;
			sourceTree = "<group>";
		};
		F254FC5521B738D600A77302 /* source */ = {
			isa = PBXGroup;
			children = (
				F254FB6721B401A400A77302 /* RealmExtension.swift */,
				F2319B7221BCC37B001AD8CF /* UICollectionViewExtension.swift */,
				F254FB6B21B5F0D300A77302 /* UIImageExtension.swift */,
				F254FB5921B3B58900A77302 /* UITableViewExtension.swift */,
				F254FB5D21B3BC7900A77302 /* UIViewControllerExtension.swift */,
			);
			path = source;
			sourceTree = "<group>";
		};
		F254FC5C21B739C700A77302 /* Presenter */ = {
			isa = PBXGroup;
			children = (
				F254FC5E21B739C700A77302 /* Info.plist */,
				F254FC5D21B739C700A77302 /* Presenter.h */,
				F254FC8221B73CA900A77302 /* source */,
			);
			path = Presenter;
			sourceTree = "<group>";
		};
		F254FC6921B739C700A77302 /* PresenterTests */ = {
			isa = PBXGroup;
			children = (
				F254FC6C21B739C700A77302 /* Info.plist */,
				F254FC6A21B739C700A77302 /* PresenterTests.swift */,
			);
			path = PresenterTests;
			sourceTree = "<group>";
		};
		F254FC8221B73CA900A77302 /* source */ = {
			isa = PBXGroup;
			children = (
				F254FB4821AE09C200A77302 /* BetPickerPresenter.swift */,
				F254FB6D21B5F70400A77302 /* CardDesignChoicePresenter.swift */,
				F254FB6121B3E3E800A77302 /* CardDesignPresenter.swift */,
				F254FCB321B9F05C00A77302 /* CardImageHelper.swift */,
				F2319B7621BF1F28001AD8CF /* NekoGachaPresenter.swift */,
				F2319B7821BF24C5001AD8CF /* NekoLibraryPresenter.swift */,
				F2F940C921A6207A00387AA5 /* PokerViewPresenter.swift */,
				F254FB5221B3B2D800A77302 /* SettingPresenter.swift */,
			);
			path = source;
			sourceTree = "<group>";
		};
		F254FC8921B73D5800A77302 /* Design */ = {
			isa = PBXGroup;
			children = (
				F254FC8A21B73D5800A77302 /* Design.h */,
				F254FC8B21B73D5800A77302 /* Info.plist */,
				F254FCAE21B8945C00A77302 /* source */,
			);
			path = Design;
			sourceTree = "<group>";
		};
		F254FC9621B73D5800A77302 /* DesignTests */ = {
			isa = PBXGroup;
			children = (
				F254FC9721B73D5800A77302 /* DesignTests.swift */,
				F254FC9921B73D5800A77302 /* Info.plist */,
			);
			path = DesignTests;
			sourceTree = "<group>";
		};
		F254FCAE21B8945C00A77302 /* source */ = {
			isa = PBXGroup;
			children = (
				F26A01F921A43DFC008897A1 /* CardView.swift */,
				F26A01F721A43DBD008897A1 /* CardView.xib */,
				F2319B7421BCC443001AD8CF /* NekoLibraryCell.swift */,
				F2319B6E21BCC247001AD8CF /* NekoLibraryCell.xib */,
				F254FB5621B3B4E300A77302 /* SettingItemCell.swift */,
				F254FB5421B3B46400A77302 /* SettingItemCell.xib */,
				F216D77421C1C4B0003F54BB /* WalletView.xib */,
			);
			path = source;
			sourceTree = "<group>";
		};
		F26A01F521A43D6D008897A1 /* ViewControllers */ = {
			isa = PBXGroup;
			children = (
				F254FB4421AB5F9E00A77302 /* BetPickerView.storyboard */,
				F254FB4621AB61F700A77302 /* BetPickerViewController.swift */,
				F254FB6321B3EF9800A77302 /* CardDesignChoiceView.storyboard */,
				F254FB6521B3EFC100A77302 /* CardDesignChoiceViewController.swift */,
				F254FB5B21B3BA3000A77302 /* CardDesignView.storyboard */,
				F254FB5F21B3BE1A00A77302 /* CardDesignViewController.swift */,
				F2D0127021C07D0100AB5D2A /* NekoDetailView.storyboard */,
				F2D0127221C07FE900AB5D2A /* NekoDetailViewController.swift */,
				F2319B6821BBE394001AD8CF /* NekoGacha.storyboard */,
				F2319B6A21BBEA34001AD8CF /* NekoGachaViewController.swift */,
				F2319B7021BCC344001AD8CF /* NekoLibraryCollectionViewController.swift */,
				F2319B6C21BCC1BF001AD8CF /* NekoLibraryView.storyboard */,
				F2D79B5A219CE57000962D26 /* Poker.storyboard */,
				F2D79B58219CE57000962D26 /* PokerViewController.swift */,
				F254FB4E21B3AA9B00A77302 /* Setting.storyboard */,
				F254FB5021B3B23F00A77302 /* SettingViewController.swift */,
				F254FB4C21B39FDC00A77302 /* TopView.storyboard */,
			);
			path = ViewControllers;
			sourceTree = "<group>";
		};
		F2D79B4A219CE57000962D26 = {
			isa = PBXGroup;
			children = (
				F254FC8921B73D5800A77302 /* Design */,
				F254FC9621B73D5800A77302 /* DesignTests */,
				F2F940BE21A61E9700387AA5 /* Frameworks */,
				F254FB7521B5FA2300A77302 /* Model */,
				F254FB8221B5FA2300A77302 /* ModelTests */,
				F2D79B55219CE57000962D26 /* PokerByTDD */,
				F2D79B6A219CE57200962D26 /* PokerByTDDTests */,
				F254FC5C21B739C700A77302 /* Presenter */,
				F254FC6921B739C700A77302 /* PresenterTests */,
				F2D79B54219CE57000962D26 /* Products */,
				F254FC3421B7370300A77302 /* Utility */,
				F254FC4121B7370300A77302 /* UtilityTests */,
			);
			sourceTree = "<group>";
		};
		F2D79B54219CE57000962D26 /* Products */ = {
			isa = PBXGroup;
			children = (
				F254FC8821B73D5800A77302 /* Design.framework */,
				F254FC9021B73D5800A77302 /* DesignTests.xctest */,
				F254FB7421B5FA2200A77302 /* Model.framework */,
				F254FB7C21B5FA2300A77302 /* ModelTests.xctest */,
				F2D79B53219CE57000962D26 /* PokerByTDD.app */,
				F2D79B67219CE57200962D26 /* PokerByTDDTests.xctest */,
				F254FC5B21B739C600A77302 /* Presenter.framework */,
				F254FC6321B739C700A77302 /* PresenterTests.xctest */,
				F254FC3321B7370200A77302 /* Utility.framework */,
				F254FC3B21B7370300A77302 /* UtilityTests.xctest */,
			);
			name = Products;
			sourceTree = "<group>";
		};
		F2D79B55219CE57000962D26 /* PokerByTDD */ = {
			isa = PBXGroup;
			children = (
				F2D79B56219CE57000962D26 /* AppDelegate.swift */,
				F2D79B5D219CE57200962D26 /* Assets.xcassets */,
				F2D79B62219CE57200962D26 /* Info.plist */,
				F2D79B5F219CE57200962D26 /* LaunchScreen.storyboard */,
				F26A01F521A43D6D008897A1 /* ViewControllers */,
			);
			path = PokerByTDD;
			sourceTree = "<group>";
		};
		F2D79B6A219CE57200962D26 /* PokerByTDDTests */ = {
			isa = PBXGroup;
			children = (
				F2D79B6D219CE57200962D26 /* Info.plist */,
				F2D79B6B219CE57200962D26 /* PokerByTDDTests.swift */,
			);
			path = PokerByTDDTests;
			sourceTree = "<group>";
		};
		F2F940BE21A61E9700387AA5 /* Frameworks */ = {
			isa = PBXGroup;
			children = (
				F2F940C221A61E9800387AA5 /* Realm.framework */,
				F2F940BF21A61E9700387AA5 /* RealmSwift.framework */,
				F2F940C021A61E9800387AA5 /* RxCocoa.framework */,
				F2F940C121A61E9800387AA5 /* RxSwift.framework */,
			);
			name = Frameworks;
			sourceTree = "<group>";
		};
/* End PBXGroup section */

/* Begin PBXHeadersBuildPhase section */
		F254FB6F21B5FA2200A77302 /* Headers */ = {
			isa = PBXHeadersBuildPhase;
			buildActionMask = 2147483647;
			files = (
				F254FB8621B5FA2300A77302 /* Model.h in Headers */,
			);
			runOnlyForDeploymentPostprocessing = 0;
		};
		F254FC2E21B7370200A77302 /* Headers */ = {
			isa = PBXHeadersBuildPhase;
			buildActionMask = 2147483647;
			files = (
				F254FC4521B7370300A77302 /* Utility.h in Headers */,
			);
			runOnlyForDeploymentPostprocessing = 0;
		};
		F254FC5621B739C600A77302 /* Headers */ = {
			isa = PBXHeadersBuildPhase;
			buildActionMask = 2147483647;
			files = (
				F254FC6D21B739C700A77302 /* Presenter.h in Headers */,
			);
			runOnlyForDeploymentPostprocessing = 0;
		};
		F254FC8321B73D5800A77302 /* Headers */ = {
			isa = PBXHeadersBuildPhase;
			buildActionMask = 2147483647;
			files = (
				F254FC9A21B73D5800A77302 /* Design.h in Headers */,
			);
			runOnlyForDeploymentPostprocessing = 0;
		};
/* End PBXHeadersBuildPhase section */

/* Begin PBXNativeTarget section */
		F254FB7321B5FA2200A77302 /* Model */ = {
			isa = PBXNativeTarget;
			buildConfigurationList = F254FB8B21B5FA2400A77302 /* Build configuration list for PBXNativeTarget "Model" */;
			buildPhases = (
				F254FB6F21B5FA2200A77302 /* Headers */,
				F254FB7021B5FA2200A77302 /* Sources */,
				F254FB7121B5FA2200A77302 /* Frameworks */,
				F254FB7221B5FA2200A77302 /* Resources */,
			);
			buildRules = (
			);
			dependencies = (
			);
			name = Model;
			productName = Model;
			productReference = F254FB7421B5FA2200A77302 /* Model.framework */;
			productType = "com.apple.product-type.framework";
		};
		F254FB7B21B5FA2300A77302 /* ModelTests */ = {
			isa = PBXNativeTarget;
			buildConfigurationList = F254FB8F21B5FA2400A77302 /* Build configuration list for PBXNativeTarget "ModelTests" */;
			buildPhases = (
				F254FB7821B5FA2300A77302 /* Sources */,
				F254FB7921B5FA2300A77302 /* Frameworks */,
				F254FB7A21B5FA2300A77302 /* Resources */,
			);
			buildRules = (
			);
			dependencies = (
				F254FB7F21B5FA2300A77302 /* PBXTargetDependency */,
				F254FB8121B5FA2300A77302 /* PBXTargetDependency */,
			);
			name = ModelTests;
			productName = ModelTests;
			productReference = F254FB7C21B5FA2300A77302 /* ModelTests.xctest */;
			productType = "com.apple.product-type.bundle.unit-test";
		};
		F254FC3221B7370200A77302 /* Utility */ = {
			isa = PBXNativeTarget;
			buildConfigurationList = F254FC4E21B7370300A77302 /* Build configuration list for PBXNativeTarget "Utility" */;
			buildPhases = (
				F254FC2E21B7370200A77302 /* Headers */,
				F254FC2F21B7370200A77302 /* Sources */,
				F254FC3021B7370200A77302 /* Frameworks */,
				F254FC3121B7370200A77302 /* Resources */,
			);
			buildRules = (
			);
			dependencies = (
			);
			name = Utility;
			productName = Utility;
			productReference = F254FC3321B7370200A77302 /* Utility.framework */;
			productType = "com.apple.product-type.framework";
		};
		F254FC3A21B7370300A77302 /* UtilityTests */ = {
			isa = PBXNativeTarget;
			buildConfigurationList = F254FC4F21B7370300A77302 /* Build configuration list for PBXNativeTarget "UtilityTests" */;
			buildPhases = (
				F254FC3721B7370300A77302 /* Sources */,
				F254FC3821B7370300A77302 /* Frameworks */,
				F254FC3921B7370300A77302 /* Resources */,
			);
			buildRules = (
			);
			dependencies = (
				F254FC4021B7370300A77302 /* PBXTargetDependency */,
				F254FC3E21B7370300A77302 /* PBXTargetDependency */,
			);
			name = UtilityTests;
			productName = UtilityTests;
			productReference = F254FC3B21B7370300A77302 /* UtilityTests.xctest */;
			productType = "com.apple.product-type.bundle.unit-test";
		};
		F254FC5A21B739C600A77302 /* Presenter */ = {
			isa = PBXNativeTarget;
			buildConfigurationList = F254FC7621B739C700A77302 /* Build configuration list for PBXNativeTarget "Presenter" */;
			buildPhases = (
				F254FC5621B739C600A77302 /* Headers */,
				F254FC5721B739C600A77302 /* Sources */,
				F254FC5821B739C600A77302 /* Frameworks */,
				F254FC5921B739C600A77302 /* Resources */,
			);
			buildRules = (
			);
			dependencies = (
			);
			name = Presenter;
			productName = Presenter;
			productReference = F254FC5B21B739C600A77302 /* Presenter.framework */;
			productType = "com.apple.product-type.framework";
		};
		F254FC6221B739C700A77302 /* PresenterTests */ = {
			isa = PBXNativeTarget;
			buildConfigurationList = F254FC7721B739C700A77302 /* Build configuration list for PBXNativeTarget "PresenterTests" */;
			buildPhases = (
				F254FC5F21B739C700A77302 /* Sources */,
				F254FC6021B739C700A77302 /* Frameworks */,
				F254FC6121B739C700A77302 /* Resources */,
			);
			buildRules = (
			);
			dependencies = (
				F254FC6821B739C700A77302 /* PBXTargetDependency */,
				F254FC6621B739C700A77302 /* PBXTargetDependency */,
			);
			name = PresenterTests;
			productName = PresenterTests;
			productReference = F254FC6321B739C700A77302 /* PresenterTests.xctest */;
			productType = "com.apple.product-type.bundle.unit-test";
		};
		F254FC8721B73D5800A77302 /* Design */ = {
			isa = PBXNativeTarget;
			buildConfigurationList = F254FCA321B73D5800A77302 /* Build configuration list for PBXNativeTarget "Design" */;
			buildPhases = (
				F254FC8321B73D5800A77302 /* Headers */,
				F254FC8421B73D5800A77302 /* Sources */,
				F254FC8521B73D5800A77302 /* Frameworks */,
				F254FC8621B73D5800A77302 /* Resources */,
			);
			buildRules = (
			);
			dependencies = (
			);
			name = Design;
			productName = Design;
			productReference = F254FC8821B73D5800A77302 /* Design.framework */;
			productType = "com.apple.product-type.framework";
		};
		F254FC8F21B73D5800A77302 /* DesignTests */ = {
			isa = PBXNativeTarget;
			buildConfigurationList = F254FCA421B73D5800A77302 /* Build configuration list for PBXNativeTarget "DesignTests" */;
			buildPhases = (
				F254FC8C21B73D5800A77302 /* Sources */,
				F254FC8D21B73D5800A77302 /* Frameworks */,
				F254FC8E21B73D5800A77302 /* Resources */,
			);
			buildRules = (
			);
			dependencies = (
				F254FC9321B73D5800A77302 /* PBXTargetDependency */,
				F254FC9521B73D5800A77302 /* PBXTargetDependency */,
			);
			name = DesignTests;
			productName = DesignTests;
			productReference = F254FC9021B73D5800A77302 /* DesignTests.xctest */;
			productType = "com.apple.product-type.bundle.unit-test";
		};
		F2D79B52219CE57000962D26 /* PokerByTDD */ = {
			isa = PBXNativeTarget;
			buildConfigurationList = F2D79B70219CE57200962D26 /* Build configuration list for PBXNativeTarget "PokerByTDD" */;
			buildPhases = (
				F2D79B4F219CE57000962D26 /* Sources */,
				F2D79B50219CE57000962D26 /* Frameworks */,
				F2D79B51219CE57000962D26 /* Resources */,
				F2F940C721A61EC400387AA5 /* ShellScript */,
				F254FB8E21B5FA2400A77302 /* Embed Frameworks */,
			);
			buildRules = (
			);
			dependencies = (
				F254FC9C21B73D5800A77302 /* PBXTargetDependency */,
				F254FB8821B5FA2300A77302 /* PBXTargetDependency */,
				F254FC6F21B739C700A77302 /* PBXTargetDependency */,
				F254FC4721B7370300A77302 /* PBXTargetDependency */,
			);
			name = PokerByTDD;
			productName = PokerByTDD;
			productReference = F2D79B53219CE57000962D26 /* PokerByTDD.app */;
			productType = "com.apple.product-type.application";
		};
		F2D79B66219CE57200962D26 /* PokerByTDDTests */ = {
			isa = PBXNativeTarget;
			buildConfigurationList = F2D79B73219CE57200962D26 /* Build configuration list for PBXNativeTarget "PokerByTDDTests" */;
			buildPhases = (
				F2D79B63219CE57200962D26 /* Sources */,
				F2D79B64219CE57200962D26 /* Frameworks */,
				F2D79B65219CE57200962D26 /* Resources */,
			);
			buildRules = (
			);
			dependencies = (
				F2D79B69219CE57200962D26 /* PBXTargetDependency */,
			);
			name = PokerByTDDTests;
			productName = PokerByTDDTests;
			productReference = F2D79B67219CE57200962D26 /* PokerByTDDTests.xctest */;
			productType = "com.apple.product-type.bundle.unit-test";
		};
/* End PBXNativeTarget section */

/* Begin PBXProject section */
		F2D79B4B219CE57000962D26 /* Project object */ = {
			isa = PBXProject;
			attributes = {
				LastSwiftUpdateCheck = 1010;
				LastUpgradeCheck = 1010;
				ORGANIZATIONNAME = sena.kanda;
				TargetAttributes = {
					F254FB7321B5FA2200A77302 = {
						CreatedOnToolsVersion = 10.1;
					};
					F254FB7B21B5FA2300A77302 = {
						CreatedOnToolsVersion = 10.1;
						TestTargetID = F2D79B52219CE57000962D26;
					};
					F254FC3221B7370200A77302 = {
						CreatedOnToolsVersion = 10.1;
					};
					F254FC3A21B7370300A77302 = {
						CreatedOnToolsVersion = 10.1;
						TestTargetID = F2D79B52219CE57000962D26;
					};
					F254FC5A21B739C600A77302 = {
						CreatedOnToolsVersion = 10.1;
					};
					F254FC6221B739C700A77302 = {
						CreatedOnToolsVersion = 10.1;
						TestTargetID = F2D79B52219CE57000962D26;
					};
					F254FC8721B73D5800A77302 = {
						CreatedOnToolsVersion = 10.1;
					};
					F254FC8F21B73D5800A77302 = {
						CreatedOnToolsVersion = 10.1;
						TestTargetID = F2D79B52219CE57000962D26;
					};
					F2D79B52219CE57000962D26 = {
						CreatedOnToolsVersion = 10.1;
					};
					F2D79B66219CE57200962D26 = {
						CreatedOnToolsVersion = 10.1;
						TestTargetID = F2D79B52219CE57000962D26;
					};
				};
			};
			buildConfigurationList = F2D79B4E219CE57000962D26 /* Build configuration list for PBXProject "PokerByTDD" */;
			compatibilityVersion = "Xcode 9.3";
			developmentRegion = en;
			hasScannedForEncodings = 0;
			knownRegions = (
				en,
				Base,
			);
			mainGroup = F2D79B4A219CE57000962D26;
			productRefGroup = F2D79B54219CE57000962D26 /* Products */;
			projectDirPath = "";
			projectRoot = "";
			targets = (
				F254FC8721B73D5800A77302 /* Design */,
				F254FC8F21B73D5800A77302 /* DesignTests */,
				F254FB7321B5FA2200A77302 /* Model */,
				F254FB7B21B5FA2300A77302 /* ModelTests */,
				F2D79B52219CE57000962D26 /* PokerByTDD */,
				F2D79B66219CE57200962D26 /* PokerByTDDTests */,
				F254FC5A21B739C600A77302 /* Presenter */,
				F254FC6221B739C700A77302 /* PresenterTests */,
				F254FC3221B7370200A77302 /* Utility */,
				F254FC3A21B7370300A77302 /* UtilityTests */,
			);
		};
/* End PBXProject section */

/* Begin PBXResourcesBuildPhase section */
		F254FB7221B5FA2200A77302 /* Resources */ = {
			isa = PBXResourcesBuildPhase;
			buildActionMask = 2147483647;
			files = (
			);
			runOnlyForDeploymentPostprocessing = 0;
		};
		F254FB7A21B5FA2300A77302 /* Resources */ = {
			isa = PBXResourcesBuildPhase;
			buildActionMask = 2147483647;
			files = (
			);
			runOnlyForDeploymentPostprocessing = 0;
		};
		F254FC3121B7370200A77302 /* Resources */ = {
			isa = PBXResourcesBuildPhase;
			buildActionMask = 2147483647;
			files = (
			);
			runOnlyForDeploymentPostprocessing = 0;
		};
		F254FC3921B7370300A77302 /* Resources */ = {
			isa = PBXResourcesBuildPhase;
			buildActionMask = 2147483647;
			files = (
			);
			runOnlyForDeploymentPostprocessing = 0;
		};
		F254FC5921B739C600A77302 /* Resources */ = {
			isa = PBXResourcesBuildPhase;
			buildActionMask = 2147483647;
			files = (
			);
			runOnlyForDeploymentPostprocessing = 0;
		};
		F254FC6121B739C700A77302 /* Resources */ = {
			isa = PBXResourcesBuildPhase;
			buildActionMask = 2147483647;
			files = (
			);
			runOnlyForDeploymentPostprocessing = 0;
		};
		F254FC8621B73D5800A77302 /* Resources */ = {
			isa = PBXResourcesBuildPhase;
			buildActionMask = 2147483647;
			files = (
				F254FCA621B73DA200A77302 /* CardView.xib in Resources */,
				F2319B6F21BCC247001AD8CF /* NekoLibraryCell.xib in Resources */,
				F254FCA821B73DA200A77302 /* SettingItemCell.xib in Resources */,
				F216D77521C1C4B0003F54BB /* WalletView.xib in Resources */,
			);
			runOnlyForDeploymentPostprocessing = 0;
		};
		F254FC8E21B73D5800A77302 /* Resources */ = {
			isa = PBXResourcesBuildPhase;
			buildActionMask = 2147483647;
			files = (
			);
			runOnlyForDeploymentPostprocessing = 0;
		};
		F2D79B51219CE57000962D26 /* Resources */ = {
			isa = PBXResourcesBuildPhase;
			buildActionMask = 2147483647;
			files = (
				F2D79B5E219CE57200962D26 /* Assets.xcassets in Resources */,
				F254FB4521AB5F9E00A77302 /* BetPickerView.storyboard in Resources */,
				F254FB6421B3EF9800A77302 /* CardDesignChoiceView.storyboard in Resources */,
				F254FB5C21B3BA3000A77302 /* CardDesignView.storyboard in Resources */,
				F2D79B61219CE57200962D26 /* LaunchScreen.storyboard in Resources */,
				F2D0127121C07D0100AB5D2A /* NekoDetailView.storyboard in Resources */,
				F2319B6921BBE394001AD8CF /* NekoGacha.storyboard in Resources */,
				F2319B6D21BCC1BF001AD8CF /* NekoLibraryView.storyboard in Resources */,
				F2D79B5C219CE57000962D26 /* Poker.storyboard in Resources */,
				F254FB4F21B3AA9B00A77302 /* Setting.storyboard in Resources */,
				F254FB4D21B39FDC00A77302 /* TopView.storyboard in Resources */,
			);
			runOnlyForDeploymentPostprocessing = 0;
		};
		F2D79B65219CE57200962D26 /* Resources */ = {
			isa = PBXResourcesBuildPhase;
			buildActionMask = 2147483647;
			files = (
			);
			runOnlyForDeploymentPostprocessing = 0;
		};
/* End PBXResourcesBuildPhase section */

/* Begin PBXShellScriptBuildPhase section */
		F2F940C721A61EC400387AA5 /* ShellScript */ = {
			isa = PBXShellScriptBuildPhase;
			buildActionMask = 2147483647;
			files = (
			);
			inputFileListPaths = (
			);
			inputPaths = (
				"$(SRCROOT)/Carthage/Build/iOS/Realm.framework",
				"$(SRCROOT)/Carthage/Build/iOS/RxSwift.framework",
				"$(SRCROOT)/Carthage/Build/iOS/RxCocoa.framework",
				"$(SRCROOT)/Carthage/Build/iOS/RealmSwift.framework",
			);
			outputFileListPaths = (
			);
			outputPaths = (
			);
			runOnlyForDeploymentPostprocessing = 0;
			shellPath = /bin/sh;
			shellScript = "/usr/local/bin/carthage copy-frameworks\n";
		};
/* End PBXShellScriptBuildPhase section */

/* Begin PBXSourcesBuildPhase section */
		F254FB7021B5FA2200A77302 /* Sources */ = {
			isa = PBXSourcesBuildPhase;
			buildActionMask = 2147483647;
			files = (
				F254FBA621B6025200A77302 /* Card.swift in Sources */,
				F254FBA721B6025200A77302 /* Dealer.swift in Sources */,
				F254FBA121B6025200A77302 /* Hand.swift in Sources */,
				F2319B6721BBDDB4001AD8CF /* NekoGacha.swift in Sources */,
				F254FBA221B6025200A77302 /* PokerHand.swift in Sources */,
				F254FBA421B6025200A77302 /* PokerHandDecisionHelper.swift in Sources */,
				F254FBA521B6025200A77302 /* Table.swift in Sources */,
				F254FBA821B6025200A77302 /* Wallet.swift in Sources */,
			);
			runOnlyForDeploymentPostprocessing = 0;
		};
		F254FB7821B5FA2300A77302 /* Sources */ = {
			isa = PBXSourcesBuildPhase;
			buildActionMask = 2147483647;
			files = (
				F254FB8421B5FA2300A77302 /* ModelTests.swift in Sources */,
			);
			runOnlyForDeploymentPostprocessing = 0;
		};
		F254FC2F21B7370200A77302 /* Sources */ = {
			isa = PBXSourcesBuildPhase;
			buildActionMask = 2147483647;
			files = (
				F254FC5021B7372300A77302 /* RealmExtension.swift in Sources */,
				F2319B7321BCC37B001AD8CF /* UICollectionViewExtension.swift in Sources */,
				F254FC5121B7372700A77302 /* UIImageExtension.swift in Sources */,
				F254FC5221B7372D00A77302 /* UITableViewExtension.swift in Sources */,
				F254FC5321B7373100A77302 /* UIViewControllerExtension.swift in Sources */,
			);
			runOnlyForDeploymentPostprocessing = 0;
		};
		F254FC3721B7370300A77302 /* Sources */ = {
			isa = PBXSourcesBuildPhase;
			buildActionMask = 2147483647;
			files = (
				F254FC4321B7370300A77302 /* UtilityTests.swift in Sources */,
			);
			runOnlyForDeploymentPostprocessing = 0;
		};
		F254FC5721B739C600A77302 /* Sources */ = {
			isa = PBXSourcesBuildPhase;
			buildActionMask = 2147483647;
			files = (
				F254FC7821B739F000A77302 /* BetPickerPresenter.swift in Sources */,
				F254FC7921B739F000A77302 /* CardDesignChoicePresenter.swift in Sources */,
				F254FC7A21B739F000A77302 /* CardDesignPresenter.swift in Sources */,
				F254FCB421B9F05C00A77302 /* CardImageHelper.swift in Sources */,
				F2319B7721BF1F28001AD8CF /* NekoGachaPresenter.swift in Sources */,
				F2319B7921BF24C5001AD8CF /* NekoLibraryPresenter.swift in Sources */,
				F254FC7B21B739F000A77302 /* PokerViewPresenter.swift in Sources */,
				F254FC7C21B739F000A77302 /* SettingPresenter.swift in Sources */,
			);
			runOnlyForDeploymentPostprocessing = 0;
		};
		F254FC5F21B739C700A77302 /* Sources */ = {
			isa = PBXSourcesBuildPhase;
			buildActionMask = 2147483647;
			files = (
				F254FC6B21B739C700A77302 /* PresenterTests.swift in Sources */,
			);
			runOnlyForDeploymentPostprocessing = 0;
		};
		F254FC8421B73D5800A77302 /* Sources */ = {
			isa = PBXSourcesBuildPhase;
			buildActionMask = 2147483647;
			files = (
				F254FCAC21B7FC6800A77302 /* Assets.xcassets in Sources */,
				F254FCA521B73DA200A77302 /* CardView.swift in Sources */,
				F2319B7521BCC443001AD8CF /* NekoLibraryCell.swift in Sources */,
				F254FCA721B73DA200A77302 /* SettingItemCell.swift in Sources */,
			);
			runOnlyForDeploymentPostprocessing = 0;
		};
		F254FC8C21B73D5800A77302 /* Sources */ = {
			isa = PBXSourcesBuildPhase;
			buildActionMask = 2147483647;
			files = (
				F254FC9821B73D5800A77302 /* DesignTests.swift in Sources */,
			);
			runOnlyForDeploymentPostprocessing = 0;
		};
		F2D79B4F219CE57000962D26 /* Sources */ = {
			isa = PBXSourcesBuildPhase;
			buildActionMask = 2147483647;
			files = (
				F2D79B57219CE57000962D26 /* AppDelegate.swift in Sources */,
				F254FB4721AB61F700A77302 /* BetPickerViewController.swift in Sources */,
				F254FB6621B3EFC100A77302 /* CardDesignChoiceViewController.swift in Sources */,
				F254FB6021B3BE1A00A77302 /* CardDesignViewController.swift in Sources */,
				F2D0127321C07FE900AB5D2A /* NekoDetailViewController.swift in Sources */,
				F2319B6B21BBEA34001AD8CF /* NekoGachaViewController.swift in Sources */,
				F2319B7121BCC344001AD8CF /* NekoLibraryCollectionViewController.swift in Sources */,
				F2D79B59219CE57000962D26 /* PokerViewController.swift in Sources */,
				F254FB5121B3B23F00A77302 /* SettingViewController.swift in Sources */,
			);
			runOnlyForDeploymentPostprocessing = 0;
		};
		F2D79B63219CE57200962D26 /* Sources */ = {
			isa = PBXSourcesBuildPhase;
			buildActionMask = 2147483647;
			files = (
				F254FBA921B6026B00A77302 /* PokerByTDDTests.swift in Sources */,
			);
			runOnlyForDeploymentPostprocessing = 0;
		};
/* End PBXSourcesBuildPhase section */

/* Begin PBXTargetDependency section */
		F254FB7F21B5FA2300A77302 /* PBXTargetDependency */ = {
			isa = PBXTargetDependency;
			target = F254FB7321B5FA2200A77302 /* Model */;
			targetProxy = F254FB7E21B5FA2300A77302 /* PBXContainerItemProxy */;
		};
		F254FB8121B5FA2300A77302 /* PBXTargetDependency */ = {
			isa = PBXTargetDependency;
			target = F2D79B52219CE57000962D26 /* PokerByTDD */;
			targetProxy = F254FB8021B5FA2300A77302 /* PBXContainerItemProxy */;
		};
		F254FB8821B5FA2300A77302 /* PBXTargetDependency */ = {
			isa = PBXTargetDependency;
			target = F254FB7321B5FA2200A77302 /* Model */;
			targetProxy = F254FB8721B5FA2300A77302 /* PBXContainerItemProxy */;
		};
		F254FC3E21B7370300A77302 /* PBXTargetDependency */ = {
			isa = PBXTargetDependency;
			target = F254FC3221B7370200A77302 /* Utility */;
			targetProxy = F254FC3D21B7370300A77302 /* PBXContainerItemProxy */;
		};
		F254FC4021B7370300A77302 /* PBXTargetDependency */ = {
			isa = PBXTargetDependency;
			target = F2D79B52219CE57000962D26 /* PokerByTDD */;
			targetProxy = F254FC3F21B7370300A77302 /* PBXContainerItemProxy */;
		};
		F254FC4721B7370300A77302 /* PBXTargetDependency */ = {
			isa = PBXTargetDependency;
			target = F254FC3221B7370200A77302 /* Utility */;
			targetProxy = F254FC4621B7370300A77302 /* PBXContainerItemProxy */;
		};
		F254FC6621B739C700A77302 /* PBXTargetDependency */ = {
			isa = PBXTargetDependency;
			target = F254FC5A21B739C600A77302 /* Presenter */;
			targetProxy = F254FC6521B739C700A77302 /* PBXContainerItemProxy */;
		};
		F254FC6821B739C700A77302 /* PBXTargetDependency */ = {
			isa = PBXTargetDependency;
			target = F2D79B52219CE57000962D26 /* PokerByTDD */;
			targetProxy = F254FC6721B739C700A77302 /* PBXContainerItemProxy */;
		};
		F254FC6F21B739C700A77302 /* PBXTargetDependency */ = {
			isa = PBXTargetDependency;
			target = F254FC5A21B739C600A77302 /* Presenter */;
			targetProxy = F254FC6E21B739C700A77302 /* PBXContainerItemProxy */;
		};
		F254FC9321B73D5800A77302 /* PBXTargetDependency */ = {
			isa = PBXTargetDependency;
			target = F254FC8721B73D5800A77302 /* Design */;
			targetProxy = F254FC9221B73D5800A77302 /* PBXContainerItemProxy */;
		};
		F254FC9521B73D5800A77302 /* PBXTargetDependency */ = {
			isa = PBXTargetDependency;
			target = F2D79B52219CE57000962D26 /* PokerByTDD */;
			targetProxy = F254FC9421B73D5800A77302 /* PBXContainerItemProxy */;
		};
		F254FC9C21B73D5800A77302 /* PBXTargetDependency */ = {
			isa = PBXTargetDependency;
			target = F254FC8721B73D5800A77302 /* Design */;
			targetProxy = F254FC9B21B73D5800A77302 /* PBXContainerItemProxy */;
		};
		F2D79B69219CE57200962D26 /* PBXTargetDependency */ = {
			isa = PBXTargetDependency;
			target = F2D79B52219CE57000962D26 /* PokerByTDD */;
			targetProxy = F2D79B68219CE57200962D26 /* PBXContainerItemProxy */;
		};
/* End PBXTargetDependency section */

/* Begin PBXVariantGroup section */
		F2D79B5A219CE57000962D26 /* Poker.storyboard */ = {
			isa = PBXVariantGroup;
			children = (
				F2D79B5B219CE57000962D26 /* Base */,
			);
			name = Poker.storyboard;
			path = .;
			sourceTree = "<group>";
		};
		F2D79B5F219CE57200962D26 /* LaunchScreen.storyboard */ = {
			isa = PBXVariantGroup;
			children = (
				F2D79B60219CE57200962D26 /* Base */,
			);
			name = LaunchScreen.storyboard;
			path = .;
			sourceTree = "<group>";
		};
/* End PBXVariantGroup section */

/* Begin XCBuildConfiguration section */
		F254FB8C21B5FA2400A77302 /* Debug */ = {
			isa = XCBuildConfiguration;
			buildSettings = {
				CODE_SIGN_IDENTITY = "iPhone Developer";
				CODE_SIGN_STYLE = Automatic;
				CURRENT_PROJECT_VERSION = 1;
				DEFINES_MODULE = YES;
				DEVELOPMENT_TEAM = W3GN4JB29B;
				DYLIB_COMPATIBILITY_VERSION = 1;
				DYLIB_CURRENT_VERSION = 1;
				DYLIB_INSTALL_NAME_BASE = "@rpath";
				FRAMEWORK_SEARCH_PATHS = (
					"$(inherited)",
					"$(PROJECT_DIR)/Carthage/Build/iOS",
				);
				INFOPLIST_FILE = Model/Info.plist;
				INSTALL_PATH = "$(LOCAL_LIBRARY_DIR)/Frameworks";
				IPHONEOS_DEPLOYMENT_TARGET = 11.0;
				LD_RUNPATH_SEARCH_PATHS = (
					"$(inherited)",
					"@executable_path/Frameworks",
					"@loader_path/Frameworks",
				);
				PRODUCT_BUNDLE_IDENTIFIER = com.senakanda.Model;
				PRODUCT_NAME = "$(TARGET_NAME:c99extidentifier)";
				SKIP_INSTALL = YES;
				SWIFT_VERSION = 4.2;
				TARGETED_DEVICE_FAMILY = "1,2";
				VERSIONING_SYSTEM = "apple-generic";
				VERSION_INFO_PREFIX = "";
			};
			name = Debug;
		};
		F254FB8D21B5FA2400A77302 /* Release */ = {
			isa = XCBuildConfiguration;
			buildSettings = {
				CODE_SIGN_IDENTITY = "iPhone Developer";
				CODE_SIGN_STYLE = Automatic;
				CURRENT_PROJECT_VERSION = 1;
				DEFINES_MODULE = YES;
				DEVELOPMENT_TEAM = W3GN4JB29B;
				DYLIB_COMPATIBILITY_VERSION = 1;
				DYLIB_CURRENT_VERSION = 1;
				DYLIB_INSTALL_NAME_BASE = "@rpath";
				FRAMEWORK_SEARCH_PATHS = (
					"$(inherited)",
					"$(PROJECT_DIR)/Carthage/Build/iOS",
				);
				INFOPLIST_FILE = Model/Info.plist;
				INSTALL_PATH = "$(LOCAL_LIBRARY_DIR)/Frameworks";
				IPHONEOS_DEPLOYMENT_TARGET = 11.0;
				LD_RUNPATH_SEARCH_PATHS = (
					"$(inherited)",
					"@executable_path/Frameworks",
					"@loader_path/Frameworks",
				);
				PRODUCT_BUNDLE_IDENTIFIER = com.senakanda.Model;
				PRODUCT_NAME = "$(TARGET_NAME:c99extidentifier)";
				SKIP_INSTALL = YES;
				SWIFT_VERSION = 4.2;
				TARGETED_DEVICE_FAMILY = "1,2";
				VERSIONING_SYSTEM = "apple-generic";
				VERSION_INFO_PREFIX = "";
			};
			name = Release;
		};
		F254FB9021B5FA2400A77302 /* Debug */ = {
			isa = XCBuildConfiguration;
			buildSettings = {
				ALWAYS_EMBED_SWIFT_STANDARD_LIBRARIES = YES;
				CODE_SIGN_STYLE = Automatic;
				DEVELOPMENT_TEAM = W3GN4JB29B;
				INFOPLIST_FILE = ModelTests/Info.plist;
				LD_RUNPATH_SEARCH_PATHS = (
					"$(inherited)",
					"@executable_path/Frameworks",
					"@loader_path/Frameworks",
				);
				PRODUCT_BUNDLE_IDENTIFIER = com.senakanda.ModelTests;
				PRODUCT_NAME = "$(TARGET_NAME)";
				SWIFT_VERSION = 4.2;
				TARGETED_DEVICE_FAMILY = "1,2";
				TEST_HOST = "$(BUILT_PRODUCTS_DIR)/PokerByTDD.app/PokerByTDD";
			};
			name = Debug;
		};
		F254FB9121B5FA2400A77302 /* Release */ = {
			isa = XCBuildConfiguration;
			buildSettings = {
				ALWAYS_EMBED_SWIFT_STANDARD_LIBRARIES = YES;
				CODE_SIGN_STYLE = Automatic;
				DEVELOPMENT_TEAM = W3GN4JB29B;
				INFOPLIST_FILE = ModelTests/Info.plist;
				LD_RUNPATH_SEARCH_PATHS = (
					"$(inherited)",
					"@executable_path/Frameworks",
					"@loader_path/Frameworks",
				);
				PRODUCT_BUNDLE_IDENTIFIER = com.senakanda.ModelTests;
				PRODUCT_NAME = "$(TARGET_NAME)";
				SWIFT_VERSION = 4.2;
				TARGETED_DEVICE_FAMILY = "1,2";
				TEST_HOST = "$(BUILT_PRODUCTS_DIR)/PokerByTDD.app/PokerByTDD";
			};
			name = Release;
		};
		F254FC4A21B7370300A77302 /* Debug */ = {
			isa = XCBuildConfiguration;
			buildSettings = {
				CODE_SIGN_IDENTITY = "iPhone Developer";
				CODE_SIGN_STYLE = Automatic;
				CURRENT_PROJECT_VERSION = 1;
				DEFINES_MODULE = YES;
				DEVELOPMENT_TEAM = W3GN4JB29B;
				DYLIB_COMPATIBILITY_VERSION = 1;
				DYLIB_CURRENT_VERSION = 1;
				DYLIB_INSTALL_NAME_BASE = "@rpath";
				FRAMEWORK_SEARCH_PATHS = (
					"$(inherited)",
					"$(PROJECT_DIR)/Carthage/Build/iOS",
				);
				INFOPLIST_FILE = Utility/Info.plist;
				INSTALL_PATH = "$(LOCAL_LIBRARY_DIR)/Frameworks";
				IPHONEOS_DEPLOYMENT_TARGET = 11.0;
				LD_RUNPATH_SEARCH_PATHS = (
					"$(inherited)",
					"@executable_path/Frameworks",
					"@loader_path/Frameworks",
				);
				PRODUCT_BUNDLE_IDENTIFIER = com.senakanda.Utility;
				PRODUCT_NAME = "$(TARGET_NAME:c99extidentifier)";
				SKIP_INSTALL = YES;
				SWIFT_VERSION = 4.2;
				TARGETED_DEVICE_FAMILY = "1,2";
				VERSIONING_SYSTEM = "apple-generic";
				VERSION_INFO_PREFIX = "";
			};
			name = Debug;
		};
		F254FC4B21B7370300A77302 /* Release */ = {
			isa = XCBuildConfiguration;
			buildSettings = {
				CODE_SIGN_IDENTITY = "iPhone Developer";
				CODE_SIGN_STYLE = Automatic;
				CURRENT_PROJECT_VERSION = 1;
				DEFINES_MODULE = YES;
				DEVELOPMENT_TEAM = W3GN4JB29B;
				DYLIB_COMPATIBILITY_VERSION = 1;
				DYLIB_CURRENT_VERSION = 1;
				DYLIB_INSTALL_NAME_BASE = "@rpath";
				FRAMEWORK_SEARCH_PATHS = (
					"$(inherited)",
					"$(PROJECT_DIR)/Carthage/Build/iOS",
				);
				INFOPLIST_FILE = Utility/Info.plist;
				INSTALL_PATH = "$(LOCAL_LIBRARY_DIR)/Frameworks";
				IPHONEOS_DEPLOYMENT_TARGET = 11.0;
				LD_RUNPATH_SEARCH_PATHS = (
					"$(inherited)",
					"@executable_path/Frameworks",
					"@loader_path/Frameworks",
				);
				PRODUCT_BUNDLE_IDENTIFIER = com.senakanda.Utility;
				PRODUCT_NAME = "$(TARGET_NAME:c99extidentifier)";
				SKIP_INSTALL = YES;
				SWIFT_VERSION = 4.2;
				TARGETED_DEVICE_FAMILY = "1,2";
				VERSIONING_SYSTEM = "apple-generic";
				VERSION_INFO_PREFIX = "";
			};
			name = Release;
		};
		F254FC4C21B7370300A77302 /* Debug */ = {
			isa = XCBuildConfiguration;
			buildSettings = {
				ALWAYS_EMBED_SWIFT_STANDARD_LIBRARIES = YES;
				CODE_SIGN_STYLE = Automatic;
				DEVELOPMENT_TEAM = W3GN4JB29B;
				INFOPLIST_FILE = UtilityTests/Info.plist;
				LD_RUNPATH_SEARCH_PATHS = (
					"$(inherited)",
					"@executable_path/Frameworks",
					"@loader_path/Frameworks",
				);
				PRODUCT_BUNDLE_IDENTIFIER = com.senakanda.UtilityTests;
				PRODUCT_NAME = "$(TARGET_NAME)";
				SWIFT_VERSION = 4.2;
				TARGETED_DEVICE_FAMILY = "1,2";
				TEST_HOST = "$(BUILT_PRODUCTS_DIR)/PokerByTDD.app/PokerByTDD";
			};
			name = Debug;
		};
		F254FC4D21B7370300A77302 /* Release */ = {
			isa = XCBuildConfiguration;
			buildSettings = {
				ALWAYS_EMBED_SWIFT_STANDARD_LIBRARIES = YES;
				CODE_SIGN_STYLE = Automatic;
				DEVELOPMENT_TEAM = W3GN4JB29B;
				INFOPLIST_FILE = UtilityTests/Info.plist;
				LD_RUNPATH_SEARCH_PATHS = (
					"$(inherited)",
					"@executable_path/Frameworks",
					"@loader_path/Frameworks",
				);
				PRODUCT_BUNDLE_IDENTIFIER = com.senakanda.UtilityTests;
				PRODUCT_NAME = "$(TARGET_NAME)";
				SWIFT_VERSION = 4.2;
				TARGETED_DEVICE_FAMILY = "1,2";
				TEST_HOST = "$(BUILT_PRODUCTS_DIR)/PokerByTDD.app/PokerByTDD";
			};
			name = Release;
		};
		F254FC7221B739C700A77302 /* Debug */ = {
			isa = XCBuildConfiguration;
			buildSettings = {
				CODE_SIGN_IDENTITY = "iPhone Developer";
				CODE_SIGN_STYLE = Automatic;
				CURRENT_PROJECT_VERSION = 1;
				DEFINES_MODULE = YES;
				DEVELOPMENT_TEAM = W3GN4JB29B;
				DYLIB_COMPATIBILITY_VERSION = 1;
				DYLIB_CURRENT_VERSION = 1;
				DYLIB_INSTALL_NAME_BASE = "@rpath";
				FRAMEWORK_SEARCH_PATHS = (
					"$(inherited)",
					"$(PROJECT_DIR)/Carthage/Build/iOS",
				);
				INFOPLIST_FILE = Presenter/Info.plist;
				INSTALL_PATH = "$(LOCAL_LIBRARY_DIR)/Frameworks";
				IPHONEOS_DEPLOYMENT_TARGET = 11.0;
				LD_RUNPATH_SEARCH_PATHS = (
					"$(inherited)",
					"@executable_path/Frameworks",
					"@loader_path/Frameworks",
				);
				PRODUCT_BUNDLE_IDENTIFIER = com.senakanda.Presenter;
				PRODUCT_NAME = "$(TARGET_NAME:c99extidentifier)";
				SKIP_INSTALL = YES;
				SWIFT_VERSION = 4.2;
				TARGETED_DEVICE_FAMILY = "1,2";
				VERSIONING_SYSTEM = "apple-generic";
				VERSION_INFO_PREFIX = "";
			};
			name = Debug;
		};
		F254FC7321B739C700A77302 /* Release */ = {
			isa = XCBuildConfiguration;
			buildSettings = {
				CODE_SIGN_IDENTITY = "iPhone Developer";
				CODE_SIGN_STYLE = Automatic;
				CURRENT_PROJECT_VERSION = 1;
				DEFINES_MODULE = YES;
				DEVELOPMENT_TEAM = W3GN4JB29B;
				DYLIB_COMPATIBILITY_VERSION = 1;
				DYLIB_CURRENT_VERSION = 1;
				DYLIB_INSTALL_NAME_BASE = "@rpath";
				FRAMEWORK_SEARCH_PATHS = (
					"$(inherited)",
					"$(PROJECT_DIR)/Carthage/Build/iOS",
				);
				INFOPLIST_FILE = Presenter/Info.plist;
				INSTALL_PATH = "$(LOCAL_LIBRARY_DIR)/Frameworks";
				IPHONEOS_DEPLOYMENT_TARGET = 11.0;
				LD_RUNPATH_SEARCH_PATHS = (
					"$(inherited)",
					"@executable_path/Frameworks",
					"@loader_path/Frameworks",
				);
				PRODUCT_BUNDLE_IDENTIFIER = com.senakanda.Presenter;
				PRODUCT_NAME = "$(TARGET_NAME:c99extidentifier)";
				SKIP_INSTALL = YES;
				SWIFT_VERSION = 4.2;
				TARGETED_DEVICE_FAMILY = "1,2";
				VERSIONING_SYSTEM = "apple-generic";
				VERSION_INFO_PREFIX = "";
			};
			name = Release;
		};
		F254FC7421B739C700A77302 /* Debug */ = {
			isa = XCBuildConfiguration;
			buildSettings = {
				ALWAYS_EMBED_SWIFT_STANDARD_LIBRARIES = YES;
				CODE_SIGN_STYLE = Automatic;
				DEVELOPMENT_TEAM = W3GN4JB29B;
				INFOPLIST_FILE = PresenterTests/Info.plist;
				LD_RUNPATH_SEARCH_PATHS = (
					"$(inherited)",
					"@executable_path/Frameworks",
					"@loader_path/Frameworks",
				);
				PRODUCT_BUNDLE_IDENTIFIER = com.senakanda.PresenterTests;
				PRODUCT_NAME = "$(TARGET_NAME)";
				SWIFT_VERSION = 4.2;
				TARGETED_DEVICE_FAMILY = "1,2";
				TEST_HOST = "$(BUILT_PRODUCTS_DIR)/PokerByTDD.app/PokerByTDD";
			};
			name = Debug;
		};
		F254FC7521B739C700A77302 /* Release */ = {
			isa = XCBuildConfiguration;
			buildSettings = {
				ALWAYS_EMBED_SWIFT_STANDARD_LIBRARIES = YES;
				CODE_SIGN_STYLE = Automatic;
				DEVELOPMENT_TEAM = W3GN4JB29B;
				INFOPLIST_FILE = PresenterTests/Info.plist;
				LD_RUNPATH_SEARCH_PATHS = (
					"$(inherited)",
					"@executable_path/Frameworks",
					"@loader_path/Frameworks",
				);
				PRODUCT_BUNDLE_IDENTIFIER = com.senakanda.PresenterTests;
				PRODUCT_NAME = "$(TARGET_NAME)";
				SWIFT_VERSION = 4.2;
				TARGETED_DEVICE_FAMILY = "1,2";
				TEST_HOST = "$(BUILT_PRODUCTS_DIR)/PokerByTDD.app/PokerByTDD";
			};
			name = Release;
		};
		F254FC9F21B73D5800A77302 /* Debug */ = {
			isa = XCBuildConfiguration;
			buildSettings = {
				CODE_SIGN_IDENTITY = "iPhone Developer";
				CODE_SIGN_STYLE = Automatic;
				CURRENT_PROJECT_VERSION = 1;
				DEFINES_MODULE = YES;
				DEVELOPMENT_TEAM = W3GN4JB29B;
				DYLIB_COMPATIBILITY_VERSION = 1;
				DYLIB_CURRENT_VERSION = 1;
				DYLIB_INSTALL_NAME_BASE = "@rpath";
				FRAMEWORK_SEARCH_PATHS = (
					"$(inherited)",
					"$(PROJECT_DIR)/Carthage/Build/iOS",
				);
				INFOPLIST_FILE = Design/Info.plist;
				INSTALL_PATH = "$(LOCAL_LIBRARY_DIR)/Frameworks";
				IPHONEOS_DEPLOYMENT_TARGET = 11.0;
				LD_RUNPATH_SEARCH_PATHS = (
					"$(inherited)",
					"@executable_path/Frameworks",
					"@loader_path/Frameworks",
				);
				PRODUCT_BUNDLE_IDENTIFIER = com.senakanda.Design;
				PRODUCT_NAME = "$(TARGET_NAME:c99extidentifier)";
				SKIP_INSTALL = YES;
				SWIFT_VERSION = 4.2;
				TARGETED_DEVICE_FAMILY = "1,2";
				VERSIONING_SYSTEM = "apple-generic";
				VERSION_INFO_PREFIX = "";
			};
			name = Debug;
		};
		F254FCA021B73D5800A77302 /* Release */ = {
			isa = XCBuildConfiguration;
			buildSettings = {
				CODE_SIGN_IDENTITY = "iPhone Developer";
				CODE_SIGN_STYLE = Automatic;
				CURRENT_PROJECT_VERSION = 1;
				DEFINES_MODULE = YES;
				DEVELOPMENT_TEAM = W3GN4JB29B;
				DYLIB_COMPATIBILITY_VERSION = 1;
				DYLIB_CURRENT_VERSION = 1;
				DYLIB_INSTALL_NAME_BASE = "@rpath";
				FRAMEWORK_SEARCH_PATHS = (
					"$(inherited)",
					"$(PROJECT_DIR)/Carthage/Build/iOS",
				);
				INFOPLIST_FILE = Design/Info.plist;
				INSTALL_PATH = "$(LOCAL_LIBRARY_DIR)/Frameworks";
				IPHONEOS_DEPLOYMENT_TARGET = 11.0;
				LD_RUNPATH_SEARCH_PATHS = (
					"$(inherited)",
					"@executable_path/Frameworks",
					"@loader_path/Frameworks",
				);
				PRODUCT_BUNDLE_IDENTIFIER = com.senakanda.Design;
				PRODUCT_NAME = "$(TARGET_NAME:c99extidentifier)";
				SKIP_INSTALL = YES;
				SWIFT_VERSION = 4.2;
				TARGETED_DEVICE_FAMILY = "1,2";
				VERSIONING_SYSTEM = "apple-generic";
				VERSION_INFO_PREFIX = "";
			};
			name = Release;
		};
		F254FCA121B73D5800A77302 /* Debug */ = {
			isa = XCBuildConfiguration;
			buildSettings = {
				ALWAYS_EMBED_SWIFT_STANDARD_LIBRARIES = YES;
				CODE_SIGN_STYLE = Automatic;
				DEVELOPMENT_TEAM = W3GN4JB29B;
				INFOPLIST_FILE = DesignTests/Info.plist;
				LD_RUNPATH_SEARCH_PATHS = (
					"$(inherited)",
					"@executable_path/Frameworks",
					"@loader_path/Frameworks",
				);
				PRODUCT_BUNDLE_IDENTIFIER = com.senakanda.DesignTests;
				PRODUCT_NAME = "$(TARGET_NAME)";
				SWIFT_VERSION = 4.2;
				TARGETED_DEVICE_FAMILY = "1,2";
				TEST_HOST = "$(BUILT_PRODUCTS_DIR)/PokerByTDD.app/PokerByTDD";
			};
			name = Debug;
		};
		F254FCA221B73D5800A77302 /* Release */ = {
			isa = XCBuildConfiguration;
			buildSettings = {
				ALWAYS_EMBED_SWIFT_STANDARD_LIBRARIES = YES;
				CODE_SIGN_STYLE = Automatic;
				DEVELOPMENT_TEAM = W3GN4JB29B;
				INFOPLIST_FILE = DesignTests/Info.plist;
				LD_RUNPATH_SEARCH_PATHS = (
					"$(inherited)",
					"@executable_path/Frameworks",
					"@loader_path/Frameworks",
				);
				PRODUCT_BUNDLE_IDENTIFIER = com.senakanda.DesignTests;
				PRODUCT_NAME = "$(TARGET_NAME)";
				SWIFT_VERSION = 4.2;
				TARGETED_DEVICE_FAMILY = "1,2";
				TEST_HOST = "$(BUILT_PRODUCTS_DIR)/PokerByTDD.app/PokerByTDD";
			};
			name = Release;
		};
		F2D79B6E219CE57200962D26 /* Debug */ = {
			isa = XCBuildConfiguration;
			buildSettings = {
				ALWAYS_SEARCH_USER_PATHS = NO;
				CLANG_ANALYZER_NONNULL = YES;
				CLANG_ANALYZER_NUMBER_OBJECT_CONVERSION = YES_AGGRESSIVE;
				CLANG_CXX_LANGUAGE_STANDARD = "gnu++14";
				CLANG_CXX_LIBRARY = "libc++";
				CLANG_ENABLE_MODULES = YES;
				CLANG_ENABLE_OBJC_ARC = YES;
				CLANG_ENABLE_OBJC_WEAK = YES;
				CLANG_WARN_BLOCK_CAPTURE_AUTORELEASING = YES;
				CLANG_WARN_BOOL_CONVERSION = YES;
				CLANG_WARN_COMMA = YES;
				CLANG_WARN_CONSTANT_CONVERSION = YES;
				CLANG_WARN_DEPRECATED_OBJC_IMPLEMENTATIONS = YES;
				CLANG_WARN_DIRECT_OBJC_ISA_USAGE = YES_ERROR;
				CLANG_WARN_DOCUMENTATION_COMMENTS = YES;
				CLANG_WARN_EMPTY_BODY = YES;
				CLANG_WARN_ENUM_CONVERSION = YES;
				CLANG_WARN_INFINITE_RECURSION = YES;
				CLANG_WARN_INT_CONVERSION = YES;
				CLANG_WARN_NON_LITERAL_NULL_CONVERSION = YES;
				CLANG_WARN_OBJC_IMPLICIT_RETAIN_SELF = YES;
				CLANG_WARN_OBJC_LITERAL_CONVERSION = YES;
				CLANG_WARN_OBJC_ROOT_CLASS = YES_ERROR;
				CLANG_WARN_RANGE_LOOP_ANALYSIS = YES;
				CLANG_WARN_STRICT_PROTOTYPES = YES;
				CLANG_WARN_SUSPICIOUS_MOVE = YES;
				CLANG_WARN_UNGUARDED_AVAILABILITY = YES_AGGRESSIVE;
				CLANG_WARN_UNREACHABLE_CODE = YES;
				CLANG_WARN__DUPLICATE_METHOD_MATCH = YES;
				CODE_SIGN_IDENTITY = "iPhone Developer";
				COPY_PHASE_STRIP = NO;
				DEBUG_INFORMATION_FORMAT = dwarf;
				ENABLE_STRICT_OBJC_MSGSEND = YES;
				ENABLE_TESTABILITY = YES;
				GCC_C_LANGUAGE_STANDARD = gnu11;
				GCC_DYNAMIC_NO_PIC = NO;
				GCC_NO_COMMON_BLOCKS = YES;
				GCC_OPTIMIZATION_LEVEL = 0;
				GCC_PREPROCESSOR_DEFINITIONS = (
					"DEBUG=1",
					"$(inherited)",
				);
				GCC_WARN_64_TO_32_BIT_CONVERSION = YES;
				GCC_WARN_ABOUT_RETURN_TYPE = YES_ERROR;
				GCC_WARN_UNDECLARED_SELECTOR = YES;
				GCC_WARN_UNINITIALIZED_AUTOS = YES_AGGRESSIVE;
				GCC_WARN_UNUSED_FUNCTION = YES;
				GCC_WARN_UNUSED_VARIABLE = YES;
				IPHONEOS_DEPLOYMENT_TARGET = 12.1;
				MTL_ENABLE_DEBUG_INFO = INCLUDE_SOURCE;
				MTL_FAST_MATH = YES;
				ONLY_ACTIVE_ARCH = YES;
				SDKROOT = iphoneos;
				SWIFT_ACTIVE_COMPILATION_CONDITIONS = DEBUG;
				SWIFT_OPTIMIZATION_LEVEL = "-Onone";
			};
			name = Debug;
		};
		F2D79B6F219CE57200962D26 /* Release */ = {
			isa = XCBuildConfiguration;
			buildSettings = {
				ALWAYS_SEARCH_USER_PATHS = NO;
				CLANG_ANALYZER_NONNULL = YES;
				CLANG_ANALYZER_NUMBER_OBJECT_CONVERSION = YES_AGGRESSIVE;
				CLANG_CXX_LANGUAGE_STANDARD = "gnu++14";
				CLANG_CXX_LIBRARY = "libc++";
				CLANG_ENABLE_MODULES = YES;
				CLANG_ENABLE_OBJC_ARC = YES;
				CLANG_ENABLE_OBJC_WEAK = YES;
				CLANG_WARN_BLOCK_CAPTURE_AUTORELEASING = YES;
				CLANG_WARN_BOOL_CONVERSION = YES;
				CLANG_WARN_COMMA = YES;
				CLANG_WARN_CONSTANT_CONVERSION = YES;
				CLANG_WARN_DEPRECATED_OBJC_IMPLEMENTATIONS = YES;
				CLANG_WARN_DIRECT_OBJC_ISA_USAGE = YES_ERROR;
				CLANG_WARN_DOCUMENTATION_COMMENTS = YES;
				CLANG_WARN_EMPTY_BODY = YES;
				CLANG_WARN_ENUM_CONVERSION = YES;
				CLANG_WARN_INFINITE_RECURSION = YES;
				CLANG_WARN_INT_CONVERSION = YES;
				CLANG_WARN_NON_LITERAL_NULL_CONVERSION = YES;
				CLANG_WARN_OBJC_IMPLICIT_RETAIN_SELF = YES;
				CLANG_WARN_OBJC_LITERAL_CONVERSION = YES;
				CLANG_WARN_OBJC_ROOT_CLASS = YES_ERROR;
				CLANG_WARN_RANGE_LOOP_ANALYSIS = YES;
				CLANG_WARN_STRICT_PROTOTYPES = YES;
				CLANG_WARN_SUSPICIOUS_MOVE = YES;
				CLANG_WARN_UNGUARDED_AVAILABILITY = YES_AGGRESSIVE;
				CLANG_WARN_UNREACHABLE_CODE = YES;
				CLANG_WARN__DUPLICATE_METHOD_MATCH = YES;
				CODE_SIGN_IDENTITY = "iPhone Developer";
				COPY_PHASE_STRIP = NO;
				DEBUG_INFORMATION_FORMAT = "dwarf-with-dsym";
				ENABLE_NS_ASSERTIONS = NO;
				ENABLE_STRICT_OBJC_MSGSEND = YES;
				GCC_C_LANGUAGE_STANDARD = gnu11;
				GCC_NO_COMMON_BLOCKS = YES;
				GCC_WARN_64_TO_32_BIT_CONVERSION = YES;
				GCC_WARN_ABOUT_RETURN_TYPE = YES_ERROR;
				GCC_WARN_UNDECLARED_SELECTOR = YES;
				GCC_WARN_UNINITIALIZED_AUTOS = YES_AGGRESSIVE;
				GCC_WARN_UNUSED_FUNCTION = YES;
				GCC_WARN_UNUSED_VARIABLE = YES;
				IPHONEOS_DEPLOYMENT_TARGET = 12.1;
				MTL_ENABLE_DEBUG_INFO = NO;
				MTL_FAST_MATH = YES;
				SDKROOT = iphoneos;
				SWIFT_COMPILATION_MODE = wholemodule;
				SWIFT_OPTIMIZATION_LEVEL = "-O";
				VALIDATE_PRODUCT = YES;
			};
			name = Release;
		};
		F2D79B71219CE57200962D26 /* Debug */ = {
			isa = XCBuildConfiguration;
			buildSettings = {
				ALWAYS_EMBED_SWIFT_STANDARD_LIBRARIES = YES;
				ASSETCATALOG_COMPILER_APPICON_NAME = AppIcon;
				CODE_SIGN_IDENTITY = "iPhone Developer";
				CODE_SIGN_STYLE = Automatic;
				DEVELOPMENT_TEAM = W3GN4JB29B;
				FRAMEWORK_SEARCH_PATHS = (
					"$(inherited)",
					"$(PROJECT_DIR)/Carthage/Build/iOS",
				);
				INFOPLIST_FILE = PokerByTDD/Info.plist;
				IPHONEOS_DEPLOYMENT_TARGET = 11.0;
				LD_RUNPATH_SEARCH_PATHS = (
					"$(inherited)",
					"@executable_path/Frameworks",
				);
				PRODUCT_BUNDLE_IDENTIFIER = com.senakanda.PokerByTDD;
				PRODUCT_NAME = "$(TARGET_NAME)";
				PROVISIONING_PROFILE_SPECIFIER = "";
				SWIFT_VERSION = 4.2;
				TARGETED_DEVICE_FAMILY = "1,2";
			};
			name = Debug;
		};
		F2D79B72219CE57200962D26 /* Release */ = {
			isa = XCBuildConfiguration;
			buildSettings = {
				ALWAYS_EMBED_SWIFT_STANDARD_LIBRARIES = YES;
				ASSETCATALOG_COMPILER_APPICON_NAME = AppIcon;
				CODE_SIGN_IDENTITY = "iPhone Developer";
				CODE_SIGN_STYLE = Automatic;
				DEVELOPMENT_TEAM = W3GN4JB29B;
				FRAMEWORK_SEARCH_PATHS = (
					"$(inherited)",
					"$(PROJECT_DIR)/Carthage/Build/iOS",
				);
				INFOPLIST_FILE = PokerByTDD/Info.plist;
				IPHONEOS_DEPLOYMENT_TARGET = 11.0;
				LD_RUNPATH_SEARCH_PATHS = (
					"$(inherited)",
					"@executable_path/Frameworks",
				);
				PRODUCT_BUNDLE_IDENTIFIER = com.senakanda.PokerByTDD;
				PRODUCT_NAME = "$(TARGET_NAME)";
				PROVISIONING_PROFILE_SPECIFIER = "";
				SWIFT_VERSION = 4.2;
				TARGETED_DEVICE_FAMILY = "1,2";
			};
			name = Release;
		};
		F2D79B74219CE57200962D26 /* Debug */ = {
			isa = XCBuildConfiguration;
			buildSettings = {
				ALWAYS_EMBED_SWIFT_STANDARD_LIBRARIES = YES;
				BUNDLE_LOADER = "$(TEST_HOST)";
				CODE_SIGN_STYLE = Automatic;
				DEVELOPMENT_TEAM = W3GN4JB29B;
				INFOPLIST_FILE = PokerByTDDTests/Info.plist;
				LD_RUNPATH_SEARCH_PATHS = (
					"$(inherited)",
					"@executable_path/Frameworks",
					"@loader_path/Frameworks",
				);
				PRODUCT_BUNDLE_IDENTIFIER = com.senakanda.PokerByTDDTests;
				PRODUCT_NAME = "$(TARGET_NAME)";
				SWIFT_VERSION = 4.2;
				TARGETED_DEVICE_FAMILY = "1,2";
				TEST_HOST = "$(BUILT_PRODUCTS_DIR)/PokerByTDD.app/PokerByTDD";
			};
			name = Debug;
		};
		F2D79B75219CE57200962D26 /* Release */ = {
			isa = XCBuildConfiguration;
			buildSettings = {
				ALWAYS_EMBED_SWIFT_STANDARD_LIBRARIES = YES;
				BUNDLE_LOADER = "$(TEST_HOST)";
				CODE_SIGN_STYLE = Automatic;
				DEVELOPMENT_TEAM = W3GN4JB29B;
				INFOPLIST_FILE = PokerByTDDTests/Info.plist;
				LD_RUNPATH_SEARCH_PATHS = (
					"$(inherited)",
					"@executable_path/Frameworks",
					"@loader_path/Frameworks",
				);
				PRODUCT_BUNDLE_IDENTIFIER = com.senakanda.PokerByTDDTests;
				PRODUCT_NAME = "$(TARGET_NAME)";
				SWIFT_VERSION = 4.2;
				TARGETED_DEVICE_FAMILY = "1,2";
				TEST_HOST = "$(BUILT_PRODUCTS_DIR)/PokerByTDD.app/PokerByTDD";
			};
			name = Release;
		};
/* End XCBuildConfiguration section */

/* Begin XCConfigurationList section */
		F254FB8B21B5FA2400A77302 /* Build configuration list for PBXNativeTarget "Model" */ = {
			isa = XCConfigurationList;
			buildConfigurations = (
				F254FB8C21B5FA2400A77302 /* Debug */,
				F254FB8D21B5FA2400A77302 /* Release */,
			);
			defaultConfigurationIsVisible = 0;
			defaultConfigurationName = Release;
		};
		F254FB8F21B5FA2400A77302 /* Build configuration list for PBXNativeTarget "ModelTests" */ = {
			isa = XCConfigurationList;
			buildConfigurations = (
				F254FB9021B5FA2400A77302 /* Debug */,
				F254FB9121B5FA2400A77302 /* Release */,
			);
			defaultConfigurationIsVisible = 0;
			defaultConfigurationName = Release;
		};
		F254FC4E21B7370300A77302 /* Build configuration list for PBXNativeTarget "Utility" */ = {
			isa = XCConfigurationList;
			buildConfigurations = (
				F254FC4A21B7370300A77302 /* Debug */,
				F254FC4B21B7370300A77302 /* Release */,
			);
			defaultConfigurationIsVisible = 0;
			defaultConfigurationName = Release;
		};
		F254FC4F21B7370300A77302 /* Build configuration list for PBXNativeTarget "UtilityTests" */ = {
			isa = XCConfigurationList;
			buildConfigurations = (
				F254FC4C21B7370300A77302 /* Debug */,
				F254FC4D21B7370300A77302 /* Release */,
			);
			defaultConfigurationIsVisible = 0;
			defaultConfigurationName = Release;
		};
		F254FC7621B739C700A77302 /* Build configuration list for PBXNativeTarget "Presenter" */ = {
			isa = XCConfigurationList;
			buildConfigurations = (
				F254FC7221B739C700A77302 /* Debug */,
				F254FC7321B739C700A77302 /* Release */,
			);
			defaultConfigurationIsVisible = 0;
			defaultConfigurationName = Release;
		};
		F254FC7721B739C700A77302 /* Build configuration list for PBXNativeTarget "PresenterTests" */ = {
			isa = XCConfigurationList;
			buildConfigurations = (
				F254FC7421B739C700A77302 /* Debug */,
				F254FC7521B739C700A77302 /* Release */,
			);
			defaultConfigurationIsVisible = 0;
			defaultConfigurationName = Release;
		};
		F254FCA321B73D5800A77302 /* Build configuration list for PBXNativeTarget "Design" */ = {
			isa = XCConfigurationList;
			buildConfigurations = (
				F254FC9F21B73D5800A77302 /* Debug */,
				F254FCA021B73D5800A77302 /* Release */,
			);
			defaultConfigurationIsVisible = 0;
			defaultConfigurationName = Release;
		};
		F254FCA421B73D5800A77302 /* Build configuration list for PBXNativeTarget "DesignTests" */ = {
			isa = XCConfigurationList;
			buildConfigurations = (
				F254FCA121B73D5800A77302 /* Debug */,
				F254FCA221B73D5800A77302 /* Release */,
			);
			defaultConfigurationIsVisible = 0;
			defaultConfigurationName = Release;
		};
		F2D79B4E219CE57000962D26 /* Build configuration list for PBXProject "PokerByTDD" */ = {
			isa = XCConfigurationList;
			buildConfigurations = (
				F2D79B6E219CE57200962D26 /* Debug */,
				F2D79B6F219CE57200962D26 /* Release */,
			);
			defaultConfigurationIsVisible = 0;
			defaultConfigurationName = Release;
		};
		F2D79B70219CE57200962D26 /* Build configuration list for PBXNativeTarget "PokerByTDD" */ = {
			isa = XCConfigurationList;
			buildConfigurations = (
				F2D79B71219CE57200962D26 /* Debug */,
				F2D79B72219CE57200962D26 /* Release */,
			);
			defaultConfigurationIsVisible = 0;
			defaultConfigurationName = Release;
		};
		F2D79B73219CE57200962D26 /* Build configuration list for PBXNativeTarget "PokerByTDDTests" */ = {
			isa = XCConfigurationList;
			buildConfigurations = (
				F2D79B74219CE57200962D26 /* Debug */,
				F2D79B75219CE57200962D26 /* Release */,
			);
			defaultConfigurationIsVisible = 0;
			defaultConfigurationName = Release;
		};
/* End XCConfigurationList section */
	};
	rootObject = F2D79B4B219CE57000962D26 /* Project object */;
}
