// !$*UTF8*$!
{
	archiveVersion = 1;
	classes = {
	};
	objectVersion = 50;
	objects = {

/* Begin PBXBuildFile section */
		F2361975219F85F200C91A8C /* Hand.swift in Sources */ = {isa = PBXBuildFile; fileRef = F2361974219F85F100C91A8C /* Hand.swift */; };
		F2361977219FFCF700C91A8C /* PokerHand.swift in Sources */ = {isa = PBXBuildFile; fileRef = F2361976219FFCF700C91A8C /* PokerHand.swift */; };
		F236197921A1286500C91A8C /* Table.swift in Sources */ = {isa = PBXBuildFile; fileRef = F236197821A1286500C91A8C /* Table.swift */; };
		F236197B21A1578300C91A8C /* PokerHandDecisionHelper.swift in Sources */ = {isa = PBXBuildFile; fileRef = F236197A21A1578300C91A8C /* PokerHandDecisionHelper.swift */; };
		F254FB4521AB5F9E00A77302 /* BetPickerView.storyboard in Resources */ = {isa = PBXBuildFile; fileRef = F254FB4421AB5F9E00A77302 /* BetPickerView.storyboard */; };
		F254FB4721AB61F700A77302 /* BetPickerViewController.swift in Sources */ = {isa = PBXBuildFile; fileRef = F254FB4621AB61F700A77302 /* BetPickerViewController.swift */; };
		F254FB4921AE09C200A77302 /* BetPickerPresenter.swift in Sources */ = {isa = PBXBuildFile; fileRef = F254FB4821AE09C200A77302 /* BetPickerPresenter.swift */; };
		F254FB4B21B0B39C00A77302 /* Wallet.swift in Sources */ = {isa = PBXBuildFile; fileRef = F254FB4A21B0B39C00A77302 /* Wallet.swift */; };
		F254FB4D21B39FDC00A77302 /* TopView.storyboard in Resources */ = {isa = PBXBuildFile; fileRef = F254FB4C21B39FDC00A77302 /* TopView.storyboard */; };
		F254FB4F21B3AA9B00A77302 /* Setting.storyboard in Resources */ = {isa = PBXBuildFile; fileRef = F254FB4E21B3AA9B00A77302 /* Setting.storyboard */; };
		F254FB5A21B3B58900A77302 /* UITableViewExtension.swift in Sources */ = {isa = PBXBuildFile; fileRef = F254FB5921B3B58900A77302 /* UITableViewExtension.swift */; };
		F254FB5E21B3BC7900A77302 /* UIViewControllerExtension.swift in Sources */ = {isa = PBXBuildFile; fileRef = F254FB5D21B3BC7900A77302 /* UIViewControllerExtension.swift */; };
		F26A01F421A389CF008897A1 /* Dealer.swift in Sources */ = {isa = PBXBuildFile; fileRef = F26A01F321A389CF008897A1 /* Dealer.swift */; };
		F26A01F821A43DBD008897A1 /* CardView.xib in Resources */ = {isa = PBXBuildFile; fileRef = F26A01F721A43DBD008897A1 /* CardView.xib */; };
		F26A01FA21A43DFC008897A1 /* CardView.swift in Sources */ = {isa = PBXBuildFile; fileRef = F26A01F921A43DFC008897A1 /* CardView.swift */; };
		F2D79B57219CE57000962D26 /* AppDelegate.swift in Sources */ = {isa = PBXBuildFile; fileRef = F2D79B56219CE57000962D26 /* AppDelegate.swift */; };
		F2D79B59219CE57000962D26 /* PokerViewController.swift in Sources */ = {isa = PBXBuildFile; fileRef = F2D79B58219CE57000962D26 /* PokerViewController.swift */; };
		F2D79B5C219CE57000962D26 /* Poker.storyboard in Resources */ = {isa = PBXBuildFile; fileRef = F2D79B5A219CE57000962D26 /* Poker.storyboard */; };
		F2D79B5E219CE57200962D26 /* Assets.xcassets in Resources */ = {isa = PBXBuildFile; fileRef = F2D79B5D219CE57200962D26 /* Assets.xcassets */; };
		F2D79B61219CE57200962D26 /* LaunchScreen.storyboard in Resources */ = {isa = PBXBuildFile; fileRef = F2D79B5F219CE57200962D26 /* LaunchScreen.storyboard */; };
		F2D79B6C219CE57200962D26 /* PokerByTDDTests.swift in Sources */ = {isa = PBXBuildFile; fileRef = F2D79B6B219CE57200962D26 /* PokerByTDDTests.swift */; };
		F2D79B78219CEC8200962D26 /* Card.swift in Sources */ = {isa = PBXBuildFile; fileRef = F2D79B77219CEC8200962D26 /* Card.swift */; };
		F2F940CA21A6207A00387AA5 /* PokerViewPresenter.swift in Sources */ = {isa = PBXBuildFile; fileRef = F2F940C921A6207A00387AA5 /* PokerViewPresenter.swift */; };
		F2F940CB21A62BC500387AA5 /* Realm.framework in Frameworks */ = {isa = PBXBuildFile; fileRef = F2F940C221A61E9800387AA5 /* Realm.framework */; };
		F2F940CC21A62BC500387AA5 /* RealmSwift.framework in Frameworks */ = {isa = PBXBuildFile; fileRef = F2F940BF21A61E9700387AA5 /* RealmSwift.framework */; };
		F2F940CD21A62BC500387AA5 /* RxCocoa.framework in Frameworks */ = {isa = PBXBuildFile; fileRef = F2F940C021A61E9800387AA5 /* RxCocoa.framework */; };
		F2F940CE21A62BC500387AA5 /* RxSwift.framework in Frameworks */ = {isa = PBXBuildFile; fileRef = F2F940C121A61E9800387AA5 /* RxSwift.framework */; };
/* End PBXBuildFile section */

/* Begin PBXContainerItemProxy section */
		F2D79B68219CE57200962D26 /* PBXContainerItemProxy */ = {
			isa = PBXContainerItemProxy;
			containerPortal = F2D79B4B219CE57000962D26 /* Project object */;
			proxyType = 1;
			remoteGlobalIDString = F2D79B52219CE57000962D26;
			remoteInfo = PokerByTDD;
		};
/* End PBXContainerItemProxy section */

/* Begin PBXFileReference section */
		F2361974219F85F100C91A8C /* Hand.swift */ = {isa = PBXFileReference; lastKnownFileType = sourcecode.swift; path = Hand.swift; sourceTree = "<group>"; };
		F2361976219FFCF700C91A8C /* PokerHand.swift */ = {isa = PBXFileReference; lastKnownFileType = sourcecode.swift; path = PokerHand.swift; sourceTree = "<group>"; };
		F236197821A1286500C91A8C /* Table.swift */ = {isa = PBXFileReference; lastKnownFileType = sourcecode.swift; path = Table.swift; sourceTree = "<group>"; };
		F236197A21A1578300C91A8C /* PokerHandDecisionHelper.swift */ = {isa = PBXFileReference; lastKnownFileType = sourcecode.swift; path = PokerHandDecisionHelper.swift; sourceTree = "<group>"; };
		F254FB4421AB5F9E00A77302 /* BetPickerView.storyboard */ = {isa = PBXFileReference; lastKnownFileType = file.storyboard; path = BetPickerView.storyboard; sourceTree = "<group>"; };
		F254FB4621AB61F700A77302 /* BetPickerViewController.swift */ = {isa = PBXFileReference; lastKnownFileType = sourcecode.swift; path = BetPickerViewController.swift; sourceTree = "<group>"; };
		F254FB4821AE09C200A77302 /* BetPickerPresenter.swift */ = {isa = PBXFileReference; lastKnownFileType = sourcecode.swift; path = BetPickerPresenter.swift; sourceTree = "<group>"; };
		F254FB4A21B0B39C00A77302 /* Wallet.swift */ = {isa = PBXFileReference; lastKnownFileType = sourcecode.swift; path = Wallet.swift; sourceTree = "<group>"; };
		F254FB4C21B39FDC00A77302 /* TopView.storyboard */ = {isa = PBXFileReference; lastKnownFileType = file.storyboard; path = TopView.storyboard; sourceTree = "<group>"; };
		F254FB4E21B3AA9B00A77302 /* Setting.storyboard */ = {isa = PBXFileReference; lastKnownFileType = file.storyboard; path = Setting.storyboard; sourceTree = "<group>"; };
		F254FB5921B3B58900A77302 /* UITableViewExtension.swift */ = {isa = PBXFileReference; lastKnownFileType = sourcecode.swift; path = UITableViewExtension.swift; sourceTree = "<group>"; };
		F254FB5D21B3BC7900A77302 /* UIViewControllerExtension.swift */ = {isa = PBXFileReference; lastKnownFileType = sourcecode.swift; path = UIViewControllerExtension.swift; sourceTree = "<group>"; };
		F26A01F321A389CF008897A1 /* Dealer.swift */ = {isa = PBXFileReference; lastKnownFileType = sourcecode.swift; path = Dealer.swift; sourceTree = "<group>"; };
		F26A01F721A43DBD008897A1 /* CardView.xib */ = {isa = PBXFileReference; lastKnownFileType = file.xib; path = CardView.xib; sourceTree = "<group>"; };
		F26A01F921A43DFC008897A1 /* CardView.swift */ = {isa = PBXFileReference; lastKnownFileType = sourcecode.swift; path = CardView.swift; sourceTree = "<group>"; };
		F2D79B53219CE57000962D26 /* PokerByTDD.app */ = {isa = PBXFileReference; explicitFileType = wrapper.application; includeInIndex = 0; path = PokerByTDD.app; sourceTree = BUILT_PRODUCTS_DIR; };
		F2D79B56219CE57000962D26 /* AppDelegate.swift */ = {isa = PBXFileReference; lastKnownFileType = sourcecode.swift; path = AppDelegate.swift; sourceTree = "<group>"; };
		F2D79B58219CE57000962D26 /* PokerViewController.swift */ = {isa = PBXFileReference; lastKnownFileType = sourcecode.swift; path = PokerViewController.swift; sourceTree = "<group>"; };
		F2D79B5B219CE57000962D26 /* Base */ = {isa = PBXFileReference; lastKnownFileType = file.storyboard; name = Base; path = Base.lproj/Poker.storyboard; sourceTree = "<group>"; };
		F2D79B5D219CE57200962D26 /* Assets.xcassets */ = {isa = PBXFileReference; lastKnownFileType = folder.assetcatalog; path = Assets.xcassets; sourceTree = "<group>"; };
		F2D79B60219CE57200962D26 /* Base */ = {isa = PBXFileReference; lastKnownFileType = file.storyboard; name = Base; path = Base.lproj/LaunchScreen.storyboard; sourceTree = "<group>"; };
		F2D79B62219CE57200962D26 /* Info.plist */ = {isa = PBXFileReference; lastKnownFileType = text.plist.xml; path = Info.plist; sourceTree = "<group>"; };
		F2D79B67219CE57200962D26 /* PokerByTDDTests.xctest */ = {isa = PBXFileReference; explicitFileType = wrapper.cfbundle; includeInIndex = 0; path = PokerByTDDTests.xctest; sourceTree = BUILT_PRODUCTS_DIR; };
		F2D79B6B219CE57200962D26 /* PokerByTDDTests.swift */ = {isa = PBXFileReference; lastKnownFileType = sourcecode.swift; path = PokerByTDDTests.swift; sourceTree = "<group>"; };
		F2D79B6D219CE57200962D26 /* Info.plist */ = {isa = PBXFileReference; lastKnownFileType = text.plist.xml; path = Info.plist; sourceTree = "<group>"; };
		F2D79B77219CEC8200962D26 /* Card.swift */ = {isa = PBXFileReference; lastKnownFileType = sourcecode.swift; path = Card.swift; sourceTree = "<group>"; };
		F2F940BF21A61E9700387AA5 /* RealmSwift.framework */ = {isa = PBXFileReference; lastKnownFileType = wrapper.framework; name = RealmSwift.framework; path = Carthage/Build/iOS/RealmSwift.framework; sourceTree = "<group>"; };
		F2F940C021A61E9800387AA5 /* RxCocoa.framework */ = {isa = PBXFileReference; lastKnownFileType = wrapper.framework; name = RxCocoa.framework; path = Carthage/Build/iOS/RxCocoa.framework; sourceTree = "<group>"; };
		F2F940C121A61E9800387AA5 /* RxSwift.framework */ = {isa = PBXFileReference; lastKnownFileType = wrapper.framework; name = RxSwift.framework; path = Carthage/Build/iOS/RxSwift.framework; sourceTree = "<group>"; };
		F2F940C221A61E9800387AA5 /* Realm.framework */ = {isa = PBXFileReference; lastKnownFileType = wrapper.framework; name = Realm.framework; path = Carthage/Build/iOS/Realm.framework; sourceTree = "<group>"; };
		F2F940C921A6207A00387AA5 /* PokerViewPresenter.swift */ = {isa = PBXFileReference; lastKnownFileType = sourcecode.swift; path = PokerViewPresenter.swift; sourceTree = "<group>"; };
/* End PBXFileReference section */

/* Begin PBXFrameworksBuildPhase section */
		F2D79B50219CE57000962D26 /* Frameworks */ = {
			isa = PBXFrameworksBuildPhase;
			buildActionMask = 2147483647;
			files = (
				F2F940CB21A62BC500387AA5 /* Realm.framework in Frameworks */,
				F2F940CC21A62BC500387AA5 /* RealmSwift.framework in Frameworks */,
				F2F940CD21A62BC500387AA5 /* RxCocoa.framework in Frameworks */,
				F2F940CE21A62BC500387AA5 /* RxSwift.framework in Frameworks */,
			);
			runOnlyForDeploymentPostprocessing = 0;
		};
		F2D79B64219CE57200962D26 /* Frameworks */ = {
			isa = PBXFrameworksBuildPhase;
			buildActionMask = 2147483647;
			files = (
			);
			runOnlyForDeploymentPostprocessing = 0;
		};
/* End PBXFrameworksBuildPhase section */

/* Begin PBXGroup section */
		F254FB5821B3B56800A77302 /* Utility */ = {
			isa = PBXGroup;
			children = (
				F254FB5921B3B58900A77302 /* UITableViewExtension.swift */,
				F254FB5D21B3BC7900A77302 /* UIViewControllerExtension.swift */,
			);
			path = Utility;
			sourceTree = "<group>";
		};
		F26A01F521A43D6D008897A1 /* ViewControllers */ = {
			isa = PBXGroup;
			children = (
				F2D79B58219CE57000962D26 /* PokerViewController.swift */,
				F2D79B5A219CE57000962D26 /* Poker.storyboard */,
				F254FB4421AB5F9E00A77302 /* BetPickerView.storyboard */,
				F254FB4621AB61F700A77302 /* BetPickerViewController.swift */,
				F254FB4C21B39FDC00A77302 /* TopView.storyboard */,
				F254FB4E21B3AA9B00A77302 /* Setting.storyboard */,
			);
			path = ViewControllers;
			sourceTree = "<group>";
		};
		F26A01F621A43DA7008897A1 /* Design */ = {
			isa = PBXGroup;
			children = (
				F26A01F721A43DBD008897A1 /* CardView.xib */,
				F26A01F921A43DFC008897A1 /* CardView.swift */,
			);
			path = Design;
			sourceTree = "<group>";
		};
		F2D79B4A219CE57000962D26 = {
			isa = PBXGroup;
			children = (
				F2D79B55219CE57000962D26 /* PokerByTDD */,
				F2D79B6A219CE57200962D26 /* PokerByTDDTests */,
				F2D79B54219CE57000962D26 /* Products */,
				F2F940BE21A61E9700387AA5 /* Frameworks */,
			);
			sourceTree = "<group>";
		};
		F2D79B54219CE57000962D26 /* Products */ = {
			isa = PBXGroup;
			children = (
				F2D79B53219CE57000962D26 /* PokerByTDD.app */,
				F2D79B67219CE57200962D26 /* PokerByTDDTests.xctest */,
			);
			name = Products;
			sourceTree = "<group>";
		};
		F2D79B55219CE57000962D26 /* PokerByTDD */ = {
			isa = PBXGroup;
			children = (
				F254FB5821B3B56800A77302 /* Utility */,
				F2F940C821A6206000387AA5 /* Presenters */,
				F26A01F621A43DA7008897A1 /* Design */,
				F26A01F521A43D6D008897A1 /* ViewControllers */,
				F2D79B76219CEC7300962D26 /* Model */,
				F2D79B56219CE57000962D26 /* AppDelegate.swift */,
				F2D79B5D219CE57200962D26 /* Assets.xcassets */,
				F2D79B5F219CE57200962D26 /* LaunchScreen.storyboard */,
				F2D79B62219CE57200962D26 /* Info.plist */,
			);
			path = PokerByTDD;
			sourceTree = "<group>";
		};
		F2D79B6A219CE57200962D26 /* PokerByTDDTests */ = {
			isa = PBXGroup;
			children = (
				F2D79B6B219CE57200962D26 /* PokerByTDDTests.swift */,
				F2D79B6D219CE57200962D26 /* Info.plist */,
			);
			path = PokerByTDDTests;
			sourceTree = "<group>";
		};
		F2D79B76219CEC7300962D26 /* Model */ = {
			isa = PBXGroup;
			children = (
				F26A01F321A389CF008897A1 /* Dealer.swift */,
				F2D79B77219CEC8200962D26 /* Card.swift */,
				F236197821A1286500C91A8C /* Table.swift */,
				F2361974219F85F100C91A8C /* Hand.swift */,
				F2361976219FFCF700C91A8C /* PokerHand.swift */,
				F236197A21A1578300C91A8C /* PokerHandDecisionHelper.swift */,
				F254FB4A21B0B39C00A77302 /* Wallet.swift */,
			);
			path = Model;
			sourceTree = "<group>";
		};
		F2F940BE21A61E9700387AA5 /* Frameworks */ = {
			isa = PBXGroup;
			children = (
				F2F940C221A61E9800387AA5 /* Realm.framework */,
				F2F940BF21A61E9700387AA5 /* RealmSwift.framework */,
				F2F940C021A61E9800387AA5 /* RxCocoa.framework */,
				F2F940C121A61E9800387AA5 /* RxSwift.framework */,
			);
			name = Frameworks;
			sourceTree = "<group>";
		};
		F2F940C821A6206000387AA5 /* Presenters */ = {
			isa = PBXGroup;
			children = (
				F2F940C921A6207A00387AA5 /* PokerViewPresenter.swift */,
				F254FB4821AE09C200A77302 /* BetPickerPresenter.swift */,
			);
			path = Presenters;
			sourceTree = "<group>";
		};
/* End PBXGroup section */

/* Begin PBXNativeTarget section */
		F2D79B52219CE57000962D26 /* PokerByTDD */ = {
			isa = PBXNativeTarget;
			buildConfigurationList = F2D79B70219CE57200962D26 /* Build configuration list for PBXNativeTarget "PokerByTDD" */;
			buildPhases = (
				F2D79B4F219CE57000962D26 /* Sources */,
				F2D79B50219CE57000962D26 /* Frameworks */,
				F2D79B51219CE57000962D26 /* Resources */,
				F2F940C721A61EC400387AA5 /* ShellScript */,
			);
			buildRules = (
			);
			dependencies = (
			);
			name = PokerByTDD;
			productName = PokerByTDD;
			productReference = F2D79B53219CE57000962D26 /* PokerByTDD.app */;
			productType = "com.apple.product-type.application";
		};
		F2D79B66219CE57200962D26 /* PokerByTDDTests */ = {
			isa = PBXNativeTarget;
			buildConfigurationList = F2D79B73219CE57200962D26 /* Build configuration list for PBXNativeTarget "PokerByTDDTests" */;
			buildPhases = (
				F2D79B63219CE57200962D26 /* Sources */,
				F2D79B64219CE57200962D26 /* Frameworks */,
				F2D79B65219CE57200962D26 /* Resources */,
			);
			buildRules = (
			);
			dependencies = (
				F2D79B69219CE57200962D26 /* PBXTargetDependency */,
			);
			name = PokerByTDDTests;
			productName = PokerByTDDTests;
			productReference = F2D79B67219CE57200962D26 /* PokerByTDDTests.xctest */;
			productType = "com.apple.product-type.bundle.unit-test";
		};
/* End PBXNativeTarget section */

/* Begin PBXProject section */
		F2D79B4B219CE57000962D26 /* Project object */ = {
			isa = PBXProject;
			attributes = {
				LastSwiftUpdateCheck = 1010;
				LastUpgradeCheck = 1010;
				ORGANIZATIONNAME = sena.kanda;
				TargetAttributes = {
					F2D79B52219CE57000962D26 = {
						CreatedOnToolsVersion = 10.1;
					};
					F2D79B66219CE57200962D26 = {
						CreatedOnToolsVersion = 10.1;
						TestTargetID = F2D79B52219CE57000962D26;
					};
				};
			};
			buildConfigurationList = F2D79B4E219CE57000962D26 /* Build configuration list for PBXProject "PokerByTDD" */;
			compatibilityVersion = "Xcode 9.3";
			developmentRegion = en;
			hasScannedForEncodings = 0;
			knownRegions = (
				en,
				Base,
			);
			mainGroup = F2D79B4A219CE57000962D26;
			productRefGroup = F2D79B54219CE57000962D26 /* Products */;
			projectDirPath = "";
			projectRoot = "";
			targets = (
				F2D79B52219CE57000962D26 /* PokerByTDD */,
				F2D79B66219CE57200962D26 /* PokerByTDDTests */,
			);
		};
/* End PBXProject section */

/* Begin PBXResourcesBuildPhase section */
		F2D79B51219CE57000962D26 /* Resources */ = {
			isa = PBXResourcesBuildPhase;
			buildActionMask = 2147483647;
			files = (
				F2D79B61219CE57200962D26 /* LaunchScreen.storyboard in Resources */,
				F254FB4521AB5F9E00A77302 /* BetPickerView.storyboard in Resources */,
				F254FB4F21B3AA9B00A77302 /* Setting.storyboard in Resources */,
				F2D79B5E219CE57200962D26 /* Assets.xcassets in Resources */,
				F26A01F821A43DBD008897A1 /* CardView.xib in Resources */,
				F2D79B5C219CE57000962D26 /* Poker.storyboard in Resources */,
				F254FB4D21B39FDC00A77302 /* TopView.storyboard in Resources */,
			);
			runOnlyForDeploymentPostprocessing = 0;
		};
		F2D79B65219CE57200962D26 /* Resources */ = {
			isa = PBXResourcesBuildPhase;
			buildActionMask = 2147483647;
			files = (
			);
			runOnlyForDeploymentPostprocessing = 0;
		};
/* End PBXResourcesBuildPhase section */

/* Begin PBXShellScriptBuildPhase section */
		F2F940C721A61EC400387AA5 /* ShellScript */ = {
			isa = PBXShellScriptBuildPhase;
			buildActionMask = 2147483647;
			files = (
			);
			inputFileListPaths = (
			);
			inputPaths = (
				"$(SRCROOT)/Carthage/Build/iOS/Realm.framework",
				"$(SRCROOT)/Carthage/Build/iOS/RxSwift.framework",
				"$(SRCROOT)/Carthage/Build/iOS/RxCocoa.framework",
				"$(SRCROOT)/Carthage/Build/iOS/RealmSwift.framework",
			);
			outputFileListPaths = (
			);
			outputPaths = (
			);
			runOnlyForDeploymentPostprocessing = 0;
			shellPath = /bin/sh;
			shellScript = "/usr/local/bin/carthage copy-frameworks\n";
		};
/* End PBXShellScriptBuildPhase section */

/* Begin PBXSourcesBuildPhase section */
		F2D79B4F219CE57000962D26 /* Sources */ = {
			isa = PBXSourcesBuildPhase;
			buildActionMask = 2147483647;
			files = (
				F254FB4B21B0B39C00A77302 /* Wallet.swift in Sources */,
				F254FB4921AE09C200A77302 /* BetPickerPresenter.swift in Sources */,
				F254FB5E21B3BC7900A77302 /* UIViewControllerExtension.swift in Sources */,
				F236197921A1286500C91A8C /* Table.swift in Sources */,
				F26A01FA21A43DFC008897A1 /* CardView.swift in Sources */,
				F2361977219FFCF700C91A8C /* PokerHand.swift in Sources */,
				F254FB4721AB61F700A77302 /* BetPickerViewController.swift in Sources */,
				F236197B21A1578300C91A8C /* PokerHandDecisionHelper.swift in Sources */,
				F2361975219F85F200C91A8C /* Hand.swift in Sources */,
				F26A01F421A389CF008897A1 /* Dealer.swift in Sources */,
				F2D79B59219CE57000962D26 /* PokerViewController.swift in Sources */,
				F2F940CA21A6207A00387AA5 /* PokerViewPresenter.swift in Sources */,
				F254FB5A21B3B58900A77302 /* UITableViewExtension.swift in Sources */,
				F2D79B78219CEC8200962D26 /* Card.swift in Sources */,
				F2D79B57219CE57000962D26 /* AppDelegate.swift in Sources */,
			);
			runOnlyForDeploymentPostprocessing = 0;
		};
		F2D79B63219CE57200962D26 /* Sources */ = {
			isa = PBXSourcesBuildPhase;
			buildActionMask = 2147483647;
			files = (
				F2D79B6C219CE57200962D26 /* PokerByTDDTests.swift in Sources */,
			);
			runOnlyForDeploymentPostprocessing = 0;
		};
/* End PBXSourcesBuildPhase section */

/* Begin PBXTargetDependency section */
		F2D79B69219CE57200962D26 /* PBXTargetDependency */ = {
			isa = PBXTargetDependency;
			target = F2D79B52219CE57000962D26 /* PokerByTDD */;
			targetProxy = F2D79B68219CE57200962D26 /* PBXContainerItemProxy */;
		};
/* End PBXTargetDependency section */

/* Begin PBXVariantGroup section */
		F2D79B5A219CE57000962D26 /* Poker.storyboard */ = {
			isa = PBXVariantGroup;
			children = (
				F2D79B5B219CE57000962D26 /* Base */,
			);
			name = Poker.storyboard;
			sourceTree = "<group>";
		};
		F2D79B5F219CE57200962D26 /* LaunchScreen.storyboard */ = {
			isa = PBXVariantGroup;
			children = (
				F2D79B60219CE57200962D26 /* Base */,
			);
			name = LaunchScreen.storyboard;
			sourceTree = "<group>";
		};
/* End PBXVariantGroup section */

/* Begin XCBuildConfiguration section */
		F2D79B6E219CE57200962D26 /* Debug */ = {
			isa = XCBuildConfiguration;
			buildSettings = {
				ALWAYS_SEARCH_USER_PATHS = NO;
				CLANG_ANALYZER_NONNULL = YES;
				CLANG_ANALYZER_NUMBER_OBJECT_CONVERSION = YES_AGGRESSIVE;
				CLANG_CXX_LANGUAGE_STANDARD = "gnu++14";
				CLANG_CXX_LIBRARY = "libc++";
				CLANG_ENABLE_MODULES = YES;
				CLANG_ENABLE_OBJC_ARC = YES;
				CLANG_ENABLE_OBJC_WEAK = YES;
				CLANG_WARN_BLOCK_CAPTURE_AUTORELEASING = YES;
				CLANG_WARN_BOOL_CONVERSION = YES;
				CLANG_WARN_COMMA = YES;
				CLANG_WARN_CONSTANT_CONVERSION = YES;
				CLANG_WARN_DEPRECATED_OBJC_IMPLEMENTATIONS = YES;
				CLANG_WARN_DIRECT_OBJC_ISA_USAGE = YES_ERROR;
				CLANG_WARN_DOCUMENTATION_COMMENTS = YES;
				CLANG_WARN_EMPTY_BODY = YES;
				CLANG_WARN_ENUM_CONVERSION = YES;
				CLANG_WARN_INFINITE_RECURSION = YES;
				CLANG_WARN_INT_CONVERSION = YES;
				CLANG_WARN_NON_LITERAL_NULL_CONVERSION = YES;
				CLANG_WARN_OBJC_IMPLICIT_RETAIN_SELF = YES;
				CLANG_WARN_OBJC_LITERAL_CONVERSION = YES;
				CLANG_WARN_OBJC_ROOT_CLASS = YES_ERROR;
				CLANG_WARN_RANGE_LOOP_ANALYSIS = YES;
				CLANG_WARN_STRICT_PROTOTYPES = YES;
				CLANG_WARN_SUSPICIOUS_MOVE = YES;
				CLANG_WARN_UNGUARDED_AVAILABILITY = YES_AGGRESSIVE;
				CLANG_WARN_UNREACHABLE_CODE = YES;
				CLANG_WARN__DUPLICATE_METHOD_MATCH = YES;
				CODE_SIGN_IDENTITY = "iPhone Developer";
				COPY_PHASE_STRIP = NO;
				DEBUG_INFORMATION_FORMAT = dwarf;
				ENABLE_STRICT_OBJC_MSGSEND = YES;
				ENABLE_TESTABILITY = YES;
				GCC_C_LANGUAGE_STANDARD = gnu11;
				GCC_DYNAMIC_NO_PIC = NO;
				GCC_NO_COMMON_BLOCKS = YES;
				GCC_OPTIMIZATION_LEVEL = 0;
				GCC_PREPROCESSOR_DEFINITIONS = (
					"DEBUG=1",
					"$(inherited)",
				);
				GCC_WARN_64_TO_32_BIT_CONVERSION = YES;
				GCC_WARN_ABOUT_RETURN_TYPE = YES_ERROR;
				GCC_WARN_UNDECLARED_SELECTOR = YES;
				GCC_WARN_UNINITIALIZED_AUTOS = YES_AGGRESSIVE;
				GCC_WARN_UNUSED_FUNCTION = YES;
				GCC_WARN_UNUSED_VARIABLE = YES;
				IPHONEOS_DEPLOYMENT_TARGET = 12.1;
				MTL_ENABLE_DEBUG_INFO = INCLUDE_SOURCE;
				MTL_FAST_MATH = YES;
				ONLY_ACTIVE_ARCH = YES;
				SDKROOT = iphoneos;
				SWIFT_ACTIVE_COMPILATION_CONDITIONS = DEBUG;
				SWIFT_OPTIMIZATION_LEVEL = "-Onone";
			};
			name = Debug;
		};
		F2D79B6F219CE57200962D26 /* Release */ = {
			isa = XCBuildConfiguration;
			buildSettings = {
				ALWAYS_SEARCH_USER_PATHS = NO;
				CLANG_ANALYZER_NONNULL = YES;
				CLANG_ANALYZER_NUMBER_OBJECT_CONVERSION = YES_AGGRESSIVE;
				CLANG_CXX_LANGUAGE_STANDARD = "gnu++14";
				CLANG_CXX_LIBRARY = "libc++";
				CLANG_ENABLE_MODULES = YES;
				CLANG_ENABLE_OBJC_ARC = YES;
				CLANG_ENABLE_OBJC_WEAK = YES;
				CLANG_WARN_BLOCK_CAPTURE_AUTORELEASING = YES;
				CLANG_WARN_BOOL_CONVERSION = YES;
				CLANG_WARN_COMMA = YES;
				CLANG_WARN_CONSTANT_CONVERSION = YES;
				CLANG_WARN_DEPRECATED_OBJC_IMPLEMENTATIONS = YES;
				CLANG_WARN_DIRECT_OBJC_ISA_USAGE = YES_ERROR;
				CLANG_WARN_DOCUMENTATION_COMMENTS = YES;
				CLANG_WARN_EMPTY_BODY = YES;
				CLANG_WARN_ENUM_CONVERSION = YES;
				CLANG_WARN_INFINITE_RECURSION = YES;
				CLANG_WARN_INT_CONVERSION = YES;
				CLANG_WARN_NON_LITERAL_NULL_CONVERSION = YES;
				CLANG_WARN_OBJC_IMPLICIT_RETAIN_SELF = YES;
				CLANG_WARN_OBJC_LITERAL_CONVERSION = YES;
				CLANG_WARN_OBJC_ROOT_CLASS = YES_ERROR;
				CLANG_WARN_RANGE_LOOP_ANALYSIS = YES;
				CLANG_WARN_STRICT_PROTOTYPES = YES;
				CLANG_WARN_SUSPICIOUS_MOVE = YES;
				CLANG_WARN_UNGUARDED_AVAILABILITY = YES_AGGRESSIVE;
				CLANG_WARN_UNREACHABLE_CODE = YES;
				CLANG_WARN__DUPLICATE_METHOD_MATCH = YES;
				CODE_SIGN_IDENTITY = "iPhone Developer";
				COPY_PHASE_STRIP = NO;
				DEBUG_INFORMATION_FORMAT = "dwarf-with-dsym";
				ENABLE_NS_ASSERTIONS = NO;
				ENABLE_STRICT_OBJC_MSGSEND = YES;
				GCC_C_LANGUAGE_STANDARD = gnu11;
				GCC_NO_COMMON_BLOCKS = YES;
				GCC_WARN_64_TO_32_BIT_CONVERSION = YES;
				GCC_WARN_ABOUT_RETURN_TYPE = YES_ERROR;
				GCC_WARN_UNDECLARED_SELECTOR = YES;
				GCC_WARN_UNINITIALIZED_AUTOS = YES_AGGRESSIVE;
				GCC_WARN_UNUSED_FUNCTION = YES;
				GCC_WARN_UNUSED_VARIABLE = YES;
				IPHONEOS_DEPLOYMENT_TARGET = 12.1;
				MTL_ENABLE_DEBUG_INFO = NO;
				MTL_FAST_MATH = YES;
				SDKROOT = iphoneos;
				SWIFT_COMPILATION_MODE = wholemodule;
				SWIFT_OPTIMIZATION_LEVEL = "-O";
				VALIDATE_PRODUCT = YES;
			};
			name = Release;
		};
		F2D79B71219CE57200962D26 /* Debug */ = {
			isa = XCBuildConfiguration;
			buildSettings = {
				ASSETCATALOG_COMPILER_APPICON_NAME = AppIcon;
				CODE_SIGN_IDENTITY = "iPhone Developer";
				CODE_SIGN_STYLE = Automatic;
				DEVELOPMENT_TEAM = W3GN4JB29B;
				FRAMEWORK_SEARCH_PATHS = (
					"$(inherited)",
					"$(PROJECT_DIR)/Carthage/Build/iOS",
				);
				INFOPLIST_FILE = PokerByTDD/Info.plist;
				LD_RUNPATH_SEARCH_PATHS = (
					"$(inherited)",
					"@executable_path/Frameworks",
				);
				PRODUCT_BUNDLE_IDENTIFIER = com.senakanda.PokerByTDD;
				PRODUCT_NAME = "$(TARGET_NAME)";
				PROVISIONING_PROFILE_SPECIFIER = "";
				SWIFT_VERSION = 4.2;
				TARGETED_DEVICE_FAMILY = "1,2";
			};
			name = Debug;
		};
		F2D79B72219CE57200962D26 /* Release */ = {
			isa = XCBuildConfiguration;
			buildSettings = {
				ASSETCATALOG_COMPILER_APPICON_NAME = AppIcon;
				CODE_SIGN_IDENTITY = "iPhone Developer";
				CODE_SIGN_STYLE = Automatic;
				DEVELOPMENT_TEAM = W3GN4JB29B;
				FRAMEWORK_SEARCH_PATHS = (
					"$(inherited)",
					"$(PROJECT_DIR)/Carthage/Build/iOS",
				);
				INFOPLIST_FILE = PokerByTDD/Info.plist;
				LD_RUNPATH_SEARCH_PATHS = (
					"$(inherited)",
					"@executable_path/Frameworks",
				);
				PRODUCT_BUNDLE_IDENTIFIER = com.senakanda.PokerByTDD;
				PRODUCT_NAME = "$(TARGET_NAME)";
				PROVISIONING_PROFILE_SPECIFIER = "";
				SWIFT_VERSION = 4.2;
				TARGETED_DEVICE_FAMILY = "1,2";
			};
			name = Release;
		};
		F2D79B74219CE57200962D26 /* Debug */ = {
			isa = XCBuildConfiguration;
			buildSettings = {
				ALWAYS_EMBED_SWIFT_STANDARD_LIBRARIES = YES;
				BUNDLE_LOADER = "$(TEST_HOST)";
				CODE_SIGN_STYLE = Automatic;
				DEVELOPMENT_TEAM = W3GN4JB29B;
				INFOPLIST_FILE = PokerByTDDTests/Info.plist;
				LD_RUNPATH_SEARCH_PATHS = (
					"$(inherited)",
					"@executable_path/Frameworks",
					"@loader_path/Frameworks",
				);
				PRODUCT_BUNDLE_IDENTIFIER = com.senakanda.PokerByTDDTests;
				PRODUCT_NAME = "$(TARGET_NAME)";
				SWIFT_VERSION = 4.2;
				TARGETED_DEVICE_FAMILY = "1,2";
				TEST_HOST = "$(BUILT_PRODUCTS_DIR)/PokerByTDD.app/PokerByTDD";
			};
			name = Debug;
		};
		F2D79B75219CE57200962D26 /* Release */ = {
			isa = XCBuildConfiguration;
			buildSettings = {
				ALWAYS_EMBED_SWIFT_STANDARD_LIBRARIES = YES;
				BUNDLE_LOADER = "$(TEST_HOST)";
				CODE_SIGN_STYLE = Automatic;
				DEVELOPMENT_TEAM = W3GN4JB29B;
				INFOPLIST_FILE = PokerByTDDTests/Info.plist;
				LD_RUNPATH_SEARCH_PATHS = (
					"$(inherited)",
					"@executable_path/Frameworks",
					"@loader_path/Frameworks",
				);
				PRODUCT_BUNDLE_IDENTIFIER = com.senakanda.PokerByTDDTests;
				PRODUCT_NAME = "$(TARGET_NAME)";
				SWIFT_VERSION = 4.2;
				TARGETED_DEVICE_FAMILY = "1,2";
				TEST_HOST = "$(BUILT_PRODUCTS_DIR)/PokerByTDD.app/PokerByTDD";
			};
			name = Release;
		};
/* End XCBuildConfiguration section */

/* Begin XCConfigurationList section */
		F2D79B4E219CE57000962D26 /* Build configuration list for PBXProject "PokerByTDD" */ = {
			isa = XCConfigurationList;
			buildConfigurations = (
				F2D79B6E219CE57200962D26 /* Debug */,
				F2D79B6F219CE57200962D26 /* Release */,
			);
			defaultConfigurationIsVisible = 0;
			defaultConfigurationName = Release;
		};
		F2D79B70219CE57200962D26 /* Build configuration list for PBXNativeTarget "PokerByTDD" */ = {
			isa = XCConfigurationList;
			buildConfigurations = (
				F2D79B71219CE57200962D26 /* Debug */,
				F2D79B72219CE57200962D26 /* Release */,
			);
			defaultConfigurationIsVisible = 0;
			defaultConfigurationName = Release;
		};
		F2D79B73219CE57200962D26 /* Build configuration list for PBXNativeTarget "PokerByTDDTests" */ = {
			isa = XCConfigurationList;
			buildConfigurations = (
				F2D79B74219CE57200962D26 /* Debug */,
				F2D79B75219CE57200962D26 /* Release */,
			);
			defaultConfigurationIsVisible = 0;
			defaultConfigurationName = Release;
		};
/* End XCConfigurationList section */
	};
	rootObject = F2D79B4B219CE57000962D26 /* Project object */;
}
